// !$*UTF8*$!
{
	archiveVersion = 1;
	classes = {
	};
	objectVersion = 46;
	objects = {

/* Begin PBXBuildFile section */
		CDC863C9AE710BF1C7B060EA /* libPods-500PXapp.a in Frameworks */ = {isa = PBXBuildFile; fileRef = 41491F94D57B52837C2FFFDB /* libPods-500PXapp.a */; };
		CE9F72CB1E05A341001261BB /* OSFriendsTVC.m in Sources */ = {isa = PBXBuildFile; fileRef = CE9F72CA1E05A341001261BB /* OSFriendsTVC.m */; };
		CEA656C51DE18BC6002CD2B3 /* MyPageVC.m in Sources */ = {isa = PBXBuildFile; fileRef = CEA656C41DE18BC6002CD2B3 /* MyPageVC.m */; };
		CEBEB15B1E03379B00C0D737 /* OSCustomCellForSubsTVC.m in Sources */ = {isa = PBXBuildFile; fileRef = CEBEB15A1E03379B00C0D737 /* OSCustomCellForSubsTVC.m */; };
		CEBEB15E1E03387C00C0D737 /* OSSubscribersTableVC.m in Sources */ = {isa = PBXBuildFile; fileRef = CEBEB15D1E03387C00C0D737 /* OSSubscribersTableVC.m */; };
		CEBEB1641E03396900C0D737 /* OSCustomCellForSubTVC.m in Sources */ = {isa = PBXBuildFile; fileRef = CEBEB1631E03396900C0D737 /* OSCustomCellForSubTVC.m */; };
		CEF7F4301DDF45D800447439 /* MyPageTab.storyboard in Resources */ = {isa = PBXBuildFile; fileRef = CEF7F42E1DDF45D800447439 /* MyPageTab.storyboard */; };
		D31361461E0481680075BD5C /* ISCoreDataTableViewController.m in Sources */ = {isa = PBXBuildFile; fileRef = D31361411E0481680075BD5C /* ISCoreDataTableViewController.m */; };
		D31361471E0481680075BD5C /* ISCoreDataViewController.m in Sources */ = {isa = PBXBuildFile; fileRef = D31361431E0481680075BD5C /* ISCoreDataViewController.m */; };
		D31361481E0481680075BD5C /* ISDataManager.m in Sources */ = {isa = PBXBuildFile; fileRef = D31361451E0481680075BD5C /* ISDataManager.m */; };
		D313614E1E0481B00075BD5C /* ISUserData+CoreDataProperties.m in Sources */ = {isa = PBXBuildFile; fileRef = D313614C1E0481B00075BD5C /* ISUserData+CoreDataProperties.m */; };
		D31361521E0485660075BD5C /* ISCoreDataTabBarVCViewController.m in Sources */ = {isa = PBXBuildFile; fileRef = D31361511E0485660075BD5C /* ISCoreDataTabBarVCViewController.m */; };
		D33A78BA1DDDDFB600BC743A /* ISPageContentVC.m in Sources */ = {isa = PBXBuildFile; fileRef = D33A78B71DDDDFB600BC743A /* ISPageContentVC.m */; };
		D33A78BB1DDDDFB600BC743A /* ISRootPegeVC.m in Sources */ = {isa = PBXBuildFile; fileRef = D33A78B91DDDDFB600BC743A /* ISRootPegeVC.m */; };
		D33A78BE1DDDE0B100BC743A /* ISShowFullPhotoVC.m in Sources */ = {isa = PBXBuildFile; fileRef = D33A78BD1DDDE0B100BC743A /* ISShowFullPhotoVC.m */; };
		D33A78C01DDDE69D00BC743A /* 4.jpg in Resources */ = {isa = PBXBuildFile; fileRef = D33A78BF1DDDE69D00BC743A /* 4.jpg */; };
		D33A78C21DDDE6A800BC743A /* 3.jpg in Resources */ = {isa = PBXBuildFile; fileRef = D33A78C11DDDE6A800BC743A /* 3.jpg */; };
		D33A78C41DDDEAC600BC743A /* 5.jpg in Resources */ = {isa = PBXBuildFile; fileRef = D33A78C31DDDEAC600BC743A /* 5.jpg */; };
		D349652E1DB4043E00813293 /* main.m in Sources */ = {isa = PBXBuildFile; fileRef = D349652D1DB4043E00813293 /* main.m */; };
		D34965311DB4043E00813293 /* AppDelegate.m in Sources */ = {isa = PBXBuildFile; fileRef = D34965301DB4043E00813293 /* AppDelegate.m */; };
		D34965341DB4043E00813293 /* ViewController.m in Sources */ = {isa = PBXBuildFile; fileRef = D34965331DB4043E00813293 /* ViewController.m */; };
		D34965371DB4043E00813293 /* Main.storyboard in Resources */ = {isa = PBXBuildFile; fileRef = D34965351DB4043E00813293 /* Main.storyboard */; };
		D349653A1DB4043E00813293 /* _00PXapp.xcdatamodeld in Sources */ = {isa = PBXBuildFile; fileRef = D34965381DB4043E00813293 /* _00PXapp.xcdatamodeld */; };
		D349653C1DB4043E00813293 /* Assets.xcassets in Resources */ = {isa = PBXBuildFile; fileRef = D349653B1DB4043E00813293 /* Assets.xcassets */; };
		D349653F1DB4043E00813293 /* LaunchScreen.storyboard in Resources */ = {isa = PBXBuildFile; fileRef = D349653D1DB4043E00813293 /* LaunchScreen.storyboard */; };
		D349654A1DB4043E00813293 /* _00PXappTests.m in Sources */ = {isa = PBXBuildFile; fileRef = D34965491DB4043E00813293 /* _00PXappTests.m */; };
		D34965551DB4043E00813293 /* _00PXappUITests.m in Sources */ = {isa = PBXBuildFile; fileRef = D34965541DB4043E00813293 /* _00PXappUITests.m */; };
		D395D6E71DFC4F3B00CCE729 /* loading.png in Resources */ = {isa = PBXBuildFile; fileRef = D395D6E61DFC4F3B00CCE729 /* loading.png */; };
		D3A28B4D1DEF3A3600EA415B /* BDBOAuth1RequestSerializer.m in Sources */ = {isa = PBXBuildFile; fileRef = D3A28B451DEF3A3600EA415B /* BDBOAuth1RequestSerializer.m */; };
		D3A28B4E1DEF3A3600EA415B /* BDBOAuth1SessionManager.m in Sources */ = {isa = PBXBuildFile; fileRef = D3A28B471DEF3A3600EA415B /* BDBOAuth1SessionManager.m */; };
		D3A28B4F1DEF3A3600EA415B /* NSDictionary+BDBOAuth1Manager.m in Sources */ = {isa = PBXBuildFile; fileRef = D3A28B4A1DEF3A3600EA415B /* NSDictionary+BDBOAuth1Manager.m */; };
		D3A28B501DEF3A3600EA415B /* NSString+BDBOAuth1Manager.m in Sources */ = {isa = PBXBuildFile; fileRef = D3A28B4C1DEF3A3600EA415B /* NSString+BDBOAuth1Manager.m */; };
		D3CB5C5A1DE4DD5F00AFCE3A /* ISServerManager.m in Sources */ = {isa = PBXBuildFile; fileRef = D3CB5C591DE4DD5F00AFCE3A /* ISServerManager.m */; };
		D3D245D41DE71DBB00F8F33A /* ISAccessToken.m in Sources */ = {isa = PBXBuildFile; fileRef = D3D245D31DE71DBB00F8F33A /* ISAccessToken.m */; };
		D3DB2D451DF404C100DABDFB /* ISTabBarVC.m in Sources */ = {isa = PBXBuildFile; fileRef = D3DB2D441DF404C100DABDFB /* ISTabBarVC.m */; };
		D3E1DCD41DF195B100FE6B14 /* ISUser.m in Sources */ = {isa = PBXBuildFile; fileRef = D3E1DCD31DF195B100FE6B14 /* ISUser.m */; };
		D3E1DCFA1DF32ADA00FE6B14 /* NSString+URLEncode.m in Sources */ = {isa = PBXBuildFile; fileRef = D3E1DCF91DF32ADA00FE6B14 /* NSString+URLEncode.m */; };
		D3E8FC921DFF344C00ED5E76 /* Base64Transcoder.c in Sources */ = {isa = PBXBuildFile; fileRef = D3E8FC881DFF344C00ED5E76 /* Base64Transcoder.c */; };
		D3E8FC931DFF344C00ED5E76 /* hmac.c in Sources */ = {isa = PBXBuildFile; fileRef = D3E8FC8A1DFF344C00ED5E76 /* hmac.c */; };
		D3E8FC941DFF344C00ED5E76 /* NSString+URLEncoding.m in Sources */ = {isa = PBXBuildFile; fileRef = D3E8FC8D1DFF344C00ED5E76 /* NSString+URLEncoding.m */; };
		D3E8FC951DFF344C00ED5E76 /* OAuth1Controller.m in Sources */ = {isa = PBXBuildFile; fileRef = D3E8FC8F1DFF344C00ED5E76 /* OAuth1Controller.m */; };
		D3E8FC961DFF344C00ED5E76 /* sha1.c in Sources */ = {isa = PBXBuildFile; fileRef = D3E8FC901DFF344C00ED5E76 /* sha1.c */; };
		D3F072821DFB2E7E00BD62B0 /* LoginWebViewController.m in Sources */ = {isa = PBXBuildFile; fileRef = D3F072811DFB2E7E00BD62B0 /* LoginWebViewController.m */; };
		F5423C251DCB6982006FD69A /* ISNewsFeedModel.m in Sources */ = {isa = PBXBuildFile; fileRef = F5423C201DCB6982006FD69A /* ISNewsFeedModel.m */; };
		F5423C261DCB6982006FD69A /* PhotosCellModel.m in Sources */ = {isa = PBXBuildFile; fileRef = F5423C221DCB6982006FD69A /* PhotosCellModel.m */; };
		F5423C271DCB6982006FD69A /* ISSearchModel.m in Sources */ = {isa = PBXBuildFile; fileRef = F5423C241DCB6982006FD69A /* ISSearchModel.m */; };
		F5423C2B1DCB69F3006FD69A /* IsSearchCollectionLayout.m in Sources */ = {isa = PBXBuildFile; fileRef = F5423C2A1DCB69F3006FD69A /* IsSearchCollectionLayout.m */; };
		F5423C361DCB6A5B006FD69A /* ISTableViewImageCell.m in Sources */ = {isa = PBXBuildFile; fileRef = F5423C2D1DCB6A5B006FD69A /* ISTableViewImageCell.m */; };
		F5423C371DCB6A5B006FD69A /* ISTableViewUserInfoCell.m in Sources */ = {isa = PBXBuildFile; fileRef = F5423C2F1DCB6A5B006FD69A /* ISTableViewUserInfoCell.m */; };
		F5423C381DCB6A5B006FD69A /* ISTableViewLikeCell.m in Sources */ = {isa = PBXBuildFile; fileRef = F5423C311DCB6A5B006FD69A /* ISTableViewLikeCell.m */; };
		F5423C391DCB6A5B006FD69A /* ISTableViewCommentsCell.m in Sources */ = {isa = PBXBuildFile; fileRef = F5423C331DCB6A5B006FD69A /* ISTableViewCommentsCell.m */; };
		F5423C3A1DCB6A5B006FD69A /* ISTableViewInfoAndSareCell.m in Sources */ = {isa = PBXBuildFile; fileRef = F5423C351DCB6A5B006FD69A /* ISTableViewInfoAndSareCell.m */; };
		F5423C3E1DCB6AD9006FD69A /* SearchViewCellCollection.m in Sources */ = {isa = PBXBuildFile; fileRef = F5423C3D1DCB6AD9006FD69A /* SearchViewCellCollection.m */; };
		F5423C461DCB6B17006FD69A /* SignUpVC.m in Sources */ = {isa = PBXBuildFile; fileRef = F5423C411DCB6B17006FD69A /* SignUpVC.m */; };
		F5423C471DCB6B17006FD69A /* ISHomeVC.m in Sources */ = {isa = PBXBuildFile; fileRef = F5423C431DCB6B17006FD69A /* ISHomeVC.m */; };
		F5423C481DCB6B17006FD69A /* IsSearchVC.m in Sources */ = {isa = PBXBuildFile; fileRef = F5423C451DCB6B17006FD69A /* IsSearchVC.m */; };
		F5423C581DCB6B4F006FD69A /* animals.jpg in Resources */ = {isa = PBXBuildFile; fileRef = F5423C4A1DCB6B4F006FD69A /* animals.jpg */; };
		F5423C591DCB6B4F006FD69A /* art.jpg in Resources */ = {isa = PBXBuildFile; fileRef = F5423C4B1DCB6B4F006FD69A /* art.jpg */; };
		F5423C5A1DCB6B4F006FD69A /* blackWhite.jpg in Resources */ = {isa = PBXBuildFile; fileRef = F5423C4C1DCB6B4F006FD69A /* blackWhite.jpg */; };
		F5423C5B1DCB6B4F006FD69A /* food.jpg in Resources */ = {isa = PBXBuildFile; fileRef = F5423C4D1DCB6B4F006FD69A /* food.jpg */; };
		F5423C5C1DCB6B4F006FD69A /* present.jpg in Resources */ = {isa = PBXBuildFile; fileRef = F5423C4E1DCB6B4F006FD69A /* present.jpg */; };
		F5423C5D1DCB6B4F006FD69A /* sea.jpg in Resources */ = {isa = PBXBuildFile; fileRef = F5423C4F1DCB6B4F006FD69A /* sea.jpg */; };
		F5423C5E1DCB6B4F006FD69A /* travel.jpg in Resources */ = {isa = PBXBuildFile; fileRef = F5423C501DCB6B4F006FD69A /* travel.jpg */; };
		F5423C5F1DCB6B4F006FD69A /* choice.jpg in Resources */ = {isa = PBXBuildFile; fileRef = F5423C511DCB6B4F006FD69A /* choice.jpg */; };
		F5423C601DCB6B4F006FD69A /* interesting.jpg in Resources */ = {isa = PBXBuildFile; fileRef = F5423C521DCB6B4F006FD69A /* interesting.jpg */; };
		F5423C611DCB6B4F006FD69A /* nature.jpg in Resources */ = {isa = PBXBuildFile; fileRef = F5423C531DCB6B4F006FD69A /* nature.jpg */; };
		F5423C621DCB6B4F006FD69A /* new.jpg in Resources */ = {isa = PBXBuildFile; fileRef = F5423C541DCB6B4F006FD69A /* new.jpg */; };
		F5423C631DCB6B4F006FD69A /* popular.jpg in Resources */ = {isa = PBXBuildFile; fileRef = F5423C551DCB6B4F006FD69A /* popular.jpg */; };
		F5423C641DCB6B4F006FD69A /* 2.jpg in Resources */ = {isa = PBXBuildFile; fileRef = F5423C561DCB6B4F006FD69A /* 2.jpg */; };
		F5423C651DCB6B4F006FD69A /* 1.jpg in Resources */ = {isa = PBXBuildFile; fileRef = F5423C571DCB6B4F006FD69A /* 1.jpg */; };
		F5423C6A1DCB6B5C006FD69A /* PhotoCollectionVC.m in Sources */ = {isa = PBXBuildFile; fileRef = F5423C671DCB6B5C006FD69A /* PhotoCollectionVC.m */; };
		F5423C6B1DCB6B5C006FD69A /* CellPhotos.m in Sources */ = {isa = PBXBuildFile; fileRef = F5423C691DCB6B5C006FD69A /* CellPhotos.m */; };
		F56BB3FF1E049562008C9ED1 /* popularSticker2@2x.png in Resources */ = {isa = PBXBuildFile; fileRef = F56BB3FC1E049562008C9ED1 /* popularSticker2@2x.png */; };
		F56BB4001E049562008C9ED1 /* popularSticker@2x.png in Resources */ = {isa = PBXBuildFile; fileRef = F56BB3FD1E049562008C9ED1 /* popularSticker@2x.png */; };
		F56BB4011E049562008C9ED1 /* choiceSticker2@2x.png in Resources */ = {isa = PBXBuildFile; fileRef = F56BB3FE1E049562008C9ED1 /* choiceSticker2@2x.png */; };
		F5D01EC31DF55A0800ABD067 /* MSPhotos.m in Sources */ = {isa = PBXBuildFile; fileRef = F5D01EC21DF55A0800ABD067 /* MSPhotos.m */; };
/* End PBXBuildFile section */

/* Begin PBXContainerItemProxy section */
		D34965461DB4043E00813293 /* PBXContainerItemProxy */ = {
			isa = PBXContainerItemProxy;
			containerPortal = D34965211DB4043E00813293 /* Project object */;
			proxyType = 1;
			remoteGlobalIDString = D34965281DB4043E00813293;
			remoteInfo = 500PXapp;
		};
		D34965511DB4043E00813293 /* PBXContainerItemProxy */ = {
			isa = PBXContainerItemProxy;
			containerPortal = D34965211DB4043E00813293 /* Project object */;
			proxyType = 1;
			remoteGlobalIDString = D34965281DB4043E00813293;
			remoteInfo = 500PXapp;
		};
/* End PBXContainerItemProxy section */

/* Begin PBXFileReference section */
		15946F4F748628307FFFAF20 /* Pods-500PXapp.debug.xcconfig */ = {isa = PBXFileReference; includeInIndex = 1; lastKnownFileType = text.xcconfig; name = "Pods-500PXapp.debug.xcconfig"; path = "Pods/Target Support Files/Pods-500PXapp/Pods-500PXapp.debug.xcconfig"; sourceTree = "<group>"; };
		41491F94D57B52837C2FFFDB /* libPods-500PXapp.a */ = {isa = PBXFileReference; explicitFileType = archive.ar; includeInIndex = 0; path = "libPods-500PXapp.a"; sourceTree = BUILT_PRODUCTS_DIR; };
		5FF7DDAF287543F8316D0669 /* Pods-500PXapp.release.xcconfig */ = {isa = PBXFileReference; includeInIndex = 1; lastKnownFileType = text.xcconfig; name = "Pods-500PXapp.release.xcconfig"; path = "Pods/Target Support Files/Pods-500PXapp/Pods-500PXapp.release.xcconfig"; sourceTree = "<group>"; };
		CE9F72C91E05A341001261BB /* OSFriendsTVC.h */ = {isa = PBXFileReference; fileEncoding = 4; lastKnownFileType = sourcecode.c.h; path = OSFriendsTVC.h; sourceTree = "<group>"; };
		CE9F72CA1E05A341001261BB /* OSFriendsTVC.m */ = {isa = PBXFileReference; fileEncoding = 4; lastKnownFileType = sourcecode.c.objc; path = OSFriendsTVC.m; sourceTree = "<group>"; };
		CEA656C31DE18BC6002CD2B3 /* MyPageVC.h */ = {isa = PBXFileReference; fileEncoding = 4; lastKnownFileType = sourcecode.c.h; path = MyPageVC.h; sourceTree = "<group>"; };
		CEA656C41DE18BC6002CD2B3 /* MyPageVC.m */ = {isa = PBXFileReference; fileEncoding = 4; lastKnownFileType = sourcecode.c.objc; path = MyPageVC.m; sourceTree = "<group>"; };
		CEBEB1591E03379B00C0D737 /* OSCustomCellForSubsTVC.h */ = {isa = PBXFileReference; fileEncoding = 4; lastKnownFileType = sourcecode.c.h; path = OSCustomCellForSubsTVC.h; sourceTree = "<group>"; };
		CEBEB15A1E03379B00C0D737 /* OSCustomCellForSubsTVC.m */ = {isa = PBXFileReference; fileEncoding = 4; lastKnownFileType = sourcecode.c.objc; path = OSCustomCellForSubsTVC.m; sourceTree = "<group>"; };
		CEBEB15C1E03387C00C0D737 /* OSSubscribersTableVC.h */ = {isa = PBXFileReference; fileEncoding = 4; lastKnownFileType = sourcecode.c.h; path = OSSubscribersTableVC.h; sourceTree = "<group>"; };
		CEBEB15D1E03387C00C0D737 /* OSSubscribersTableVC.m */ = {isa = PBXFileReference; fileEncoding = 4; lastKnownFileType = sourcecode.c.objc; path = OSSubscribersTableVC.m; sourceTree = "<group>"; };
		CEBEB1621E03396900C0D737 /* OSCustomCellForSubTVC.h */ = {isa = PBXFileReference; fileEncoding = 4; lastKnownFileType = sourcecode.c.h; path = OSCustomCellForSubTVC.h; sourceTree = "<group>"; };
		CEBEB1631E03396900C0D737 /* OSCustomCellForSubTVC.m */ = {isa = PBXFileReference; fileEncoding = 4; lastKnownFileType = sourcecode.c.objc; path = OSCustomCellForSubTVC.m; sourceTree = "<group>"; };
		CEF7F42F1DDF45D800447439 /* Base */ = {isa = PBXFileReference; lastKnownFileType = file.storyboard; name = Base; path = Base.lproj/MyPageTab.storyboard; sourceTree = "<group>"; };
		D31361401E0481680075BD5C /* ISCoreDataTableViewController.h */ = {isa = PBXFileReference; fileEncoding = 4; lastKnownFileType = sourcecode.c.h; path = ISCoreDataTableViewController.h; sourceTree = "<group>"; };
		D31361411E0481680075BD5C /* ISCoreDataTableViewController.m */ = {isa = PBXFileReference; fileEncoding = 4; lastKnownFileType = sourcecode.c.objc; path = ISCoreDataTableViewController.m; sourceTree = "<group>"; };
		D31361421E0481680075BD5C /* ISCoreDataViewController.h */ = {isa = PBXFileReference; fileEncoding = 4; lastKnownFileType = sourcecode.c.h; path = ISCoreDataViewController.h; sourceTree = "<group>"; };
		D31361431E0481680075BD5C /* ISCoreDataViewController.m */ = {isa = PBXFileReference; fileEncoding = 4; lastKnownFileType = sourcecode.c.objc; path = ISCoreDataViewController.m; sourceTree = "<group>"; };
		D31361441E0481680075BD5C /* ISDataManager.h */ = {isa = PBXFileReference; fileEncoding = 4; lastKnownFileType = sourcecode.c.h; path = ISDataManager.h; sourceTree = "<group>"; };
		D31361451E0481680075BD5C /* ISDataManager.m */ = {isa = PBXFileReference; fileEncoding = 4; lastKnownFileType = sourcecode.c.objc; path = ISDataManager.m; sourceTree = "<group>"; };
		D313614B1E0481B00075BD5C /* ISUserData+CoreDataProperties.h */ = {isa = PBXFileReference; fileEncoding = 4; lastKnownFileType = sourcecode.c.h; path = "ISUserData+CoreDataProperties.h"; sourceTree = "<group>"; };
		D313614C1E0481B00075BD5C /* ISUserData+CoreDataProperties.m */ = {isa = PBXFileReference; fileEncoding = 4; lastKnownFileType = sourcecode.c.objc; path = "ISUserData+CoreDataProperties.m"; sourceTree = "<group>"; };
		D31361501E0485660075BD5C /* ISCoreDataTabBarVCViewController.h */ = {isa = PBXFileReference; fileEncoding = 4; lastKnownFileType = sourcecode.c.h; path = ISCoreDataTabBarVCViewController.h; sourceTree = "<group>"; };
		D31361511E0485660075BD5C /* ISCoreDataTabBarVCViewController.m */ = {isa = PBXFileReference; fileEncoding = 4; lastKnownFileType = sourcecode.c.objc; path = ISCoreDataTabBarVCViewController.m; sourceTree = "<group>"; };
		D33A78B61DDDDFB600BC743A /* ISPageContentVC.h */ = {isa = PBXFileReference; fileEncoding = 4; lastKnownFileType = sourcecode.c.h; path = ISPageContentVC.h; sourceTree = "<group>"; };
		D33A78B71DDDDFB600BC743A /* ISPageContentVC.m */ = {isa = PBXFileReference; fileEncoding = 4; lastKnownFileType = sourcecode.c.objc; path = ISPageContentVC.m; sourceTree = "<group>"; };
		D33A78B81DDDDFB600BC743A /* ISRootPegeVC.h */ = {isa = PBXFileReference; fileEncoding = 4; lastKnownFileType = sourcecode.c.h; path = ISRootPegeVC.h; sourceTree = "<group>"; };
		D33A78B91DDDDFB600BC743A /* ISRootPegeVC.m */ = {isa = PBXFileReference; fileEncoding = 4; lastKnownFileType = sourcecode.c.objc; path = ISRootPegeVC.m; sourceTree = "<group>"; };
		D33A78BC1DDDE0B100BC743A /* ISShowFullPhotoVC.h */ = {isa = PBXFileReference; fileEncoding = 4; lastKnownFileType = sourcecode.c.h; path = ISShowFullPhotoVC.h; sourceTree = "<group>"; };
		D33A78BD1DDDE0B100BC743A /* ISShowFullPhotoVC.m */ = {isa = PBXFileReference; fileEncoding = 4; lastKnownFileType = sourcecode.c.objc; path = ISShowFullPhotoVC.m; sourceTree = "<group>"; };
		D33A78BF1DDDE69D00BC743A /* 4.jpg */ = {isa = PBXFileReference; lastKnownFileType = image.jpeg; path = 4.jpg; sourceTree = "<group>"; };
		D33A78C11DDDE6A800BC743A /* 3.jpg */ = {isa = PBXFileReference; lastKnownFileType = image.jpeg; path = 3.jpg; sourceTree = "<group>"; };
		D33A78C31DDDEAC600BC743A /* 5.jpg */ = {isa = PBXFileReference; lastKnownFileType = image.jpeg; path = 5.jpg; sourceTree = "<group>"; };
		D34965291DB4043E00813293 /* 500PXapp.app */ = {isa = PBXFileReference; explicitFileType = wrapper.application; includeInIndex = 0; path = 500PXapp.app; sourceTree = BUILT_PRODUCTS_DIR; };
		D349652D1DB4043E00813293 /* main.m */ = {isa = PBXFileReference; lastKnownFileType = sourcecode.c.objc; path = main.m; sourceTree = "<group>"; };
		D349652F1DB4043E00813293 /* AppDelegate.h */ = {isa = PBXFileReference; lastKnownFileType = sourcecode.c.h; path = AppDelegate.h; sourceTree = "<group>"; };
		D34965301DB4043E00813293 /* AppDelegate.m */ = {isa = PBXFileReference; lastKnownFileType = sourcecode.c.objc; path = AppDelegate.m; sourceTree = "<group>"; };
		D34965321DB4043E00813293 /* ViewController.h */ = {isa = PBXFileReference; lastKnownFileType = sourcecode.c.h; path = ViewController.h; sourceTree = "<group>"; };
		D34965331DB4043E00813293 /* ViewController.m */ = {isa = PBXFileReference; lastKnownFileType = sourcecode.c.objc; path = ViewController.m; sourceTree = "<group>"; };
		D34965361DB4043E00813293 /* Base */ = {isa = PBXFileReference; lastKnownFileType = file.storyboard; name = Base; path = Base.lproj/Main.storyboard; sourceTree = "<group>"; };
		D34965391DB4043E00813293 /* _00PXapp.xcdatamodel */ = {isa = PBXFileReference; lastKnownFileType = wrapper.xcdatamodel; path = _00PXapp.xcdatamodel; sourceTree = "<group>"; };
		D349653B1DB4043E00813293 /* Assets.xcassets */ = {isa = PBXFileReference; lastKnownFileType = folder.assetcatalog; path = Assets.xcassets; sourceTree = "<group>"; };
		D349653E1DB4043E00813293 /* Base */ = {isa = PBXFileReference; lastKnownFileType = file.storyboard; name = Base; path = Base.lproj/LaunchScreen.storyboard; sourceTree = "<group>"; };
		D34965401DB4043E00813293 /* Info.plist */ = {isa = PBXFileReference; lastKnownFileType = text.plist.xml; path = Info.plist; sourceTree = "<group>"; };
		D34965451DB4043E00813293 /* 500PXappTests.xctest */ = {isa = PBXFileReference; explicitFileType = wrapper.cfbundle; includeInIndex = 0; path = 500PXappTests.xctest; sourceTree = BUILT_PRODUCTS_DIR; };
		D34965491DB4043E00813293 /* _00PXappTests.m */ = {isa = PBXFileReference; lastKnownFileType = sourcecode.c.objc; path = _00PXappTests.m; sourceTree = "<group>"; };
		D349654B1DB4043E00813293 /* Info.plist */ = {isa = PBXFileReference; lastKnownFileType = text.plist.xml; path = Info.plist; sourceTree = "<group>"; };
		D34965501DB4043E00813293 /* 500PXappUITests.xctest */ = {isa = PBXFileReference; explicitFileType = wrapper.cfbundle; includeInIndex = 0; path = 500PXappUITests.xctest; sourceTree = BUILT_PRODUCTS_DIR; };
		D34965541DB4043E00813293 /* _00PXappUITests.m */ = {isa = PBXFileReference; lastKnownFileType = sourcecode.c.objc; path = _00PXappUITests.m; sourceTree = "<group>"; };
		D34965561DB4043E00813293 /* Info.plist */ = {isa = PBXFileReference; lastKnownFileType = text.plist.xml; path = Info.plist; sourceTree = "<group>"; };
		D395D6E61DFC4F3B00CCE729 /* loading.png */ = {isa = PBXFileReference; lastKnownFileType = image.png; path = loading.png; sourceTree = "<group>"; };
		D3A28B441DEF3A3600EA415B /* BDBOAuth1RequestSerializer.h */ = {isa = PBXFileReference; fileEncoding = 4; lastKnownFileType = sourcecode.c.h; path = BDBOAuth1RequestSerializer.h; sourceTree = "<group>"; };
		D3A28B451DEF3A3600EA415B /* BDBOAuth1RequestSerializer.m */ = {isa = PBXFileReference; fileEncoding = 4; lastKnownFileType = sourcecode.c.objc; path = BDBOAuth1RequestSerializer.m; sourceTree = "<group>"; };
		D3A28B461DEF3A3600EA415B /* BDBOAuth1SessionManager.h */ = {isa = PBXFileReference; fileEncoding = 4; lastKnownFileType = sourcecode.c.h; path = BDBOAuth1SessionManager.h; sourceTree = "<group>"; };
		D3A28B471DEF3A3600EA415B /* BDBOAuth1SessionManager.m */ = {isa = PBXFileReference; fileEncoding = 4; lastKnownFileType = sourcecode.c.objc; path = BDBOAuth1SessionManager.m; sourceTree = "<group>"; };
		D3A28B491DEF3A3600EA415B /* NSDictionary+BDBOAuth1Manager.h */ = {isa = PBXFileReference; fileEncoding = 4; lastKnownFileType = sourcecode.c.h; path = "NSDictionary+BDBOAuth1Manager.h"; sourceTree = "<group>"; };
		D3A28B4A1DEF3A3600EA415B /* NSDictionary+BDBOAuth1Manager.m */ = {isa = PBXFileReference; fileEncoding = 4; lastKnownFileType = sourcecode.c.objc; path = "NSDictionary+BDBOAuth1Manager.m"; sourceTree = "<group>"; };
		D3A28B4B1DEF3A3600EA415B /* NSString+BDBOAuth1Manager.h */ = {isa = PBXFileReference; fileEncoding = 4; lastKnownFileType = sourcecode.c.h; path = "NSString+BDBOAuth1Manager.h"; sourceTree = "<group>"; };
		D3A28B4C1DEF3A3600EA415B /* NSString+BDBOAuth1Manager.m */ = {isa = PBXFileReference; fileEncoding = 4; lastKnownFileType = sourcecode.c.objc; path = "NSString+BDBOAuth1Manager.m"; sourceTree = "<group>"; };
		D3CB5C581DE4DD5F00AFCE3A /* ISServerManager.h */ = {isa = PBXFileReference; fileEncoding = 4; lastKnownFileType = sourcecode.c.h; path = ISServerManager.h; sourceTree = "<group>"; };
		D3CB5C591DE4DD5F00AFCE3A /* ISServerManager.m */ = {isa = PBXFileReference; fileEncoding = 4; lastKnownFileType = sourcecode.c.objc; path = ISServerManager.m; sourceTree = "<group>"; };
		D3D245D21DE71DBB00F8F33A /* ISAccessToken.h */ = {isa = PBXFileReference; fileEncoding = 4; lastKnownFileType = sourcecode.c.h; path = ISAccessToken.h; sourceTree = "<group>"; };
		D3D245D31DE71DBB00F8F33A /* ISAccessToken.m */ = {isa = PBXFileReference; fileEncoding = 4; lastKnownFileType = sourcecode.c.objc; path = ISAccessToken.m; sourceTree = "<group>"; };
		D3DB2D431DF404C100DABDFB /* ISTabBarVC.h */ = {isa = PBXFileReference; fileEncoding = 4; lastKnownFileType = sourcecode.c.h; path = ISTabBarVC.h; sourceTree = "<group>"; };
		D3DB2D441DF404C100DABDFB /* ISTabBarVC.m */ = {isa = PBXFileReference; fileEncoding = 4; lastKnownFileType = sourcecode.c.objc; path = ISTabBarVC.m; sourceTree = "<group>"; };
		D3E1DCD21DF195B100FE6B14 /* ISUser.h */ = {isa = PBXFileReference; fileEncoding = 4; lastKnownFileType = sourcecode.c.h; path = ISUser.h; sourceTree = "<group>"; };
		D3E1DCD31DF195B100FE6B14 /* ISUser.m */ = {isa = PBXFileReference; fileEncoding = 4; lastKnownFileType = sourcecode.c.objc; path = ISUser.m; sourceTree = "<group>"; };
		D3E1DCF81DF32ADA00FE6B14 /* NSString+URLEncode.h */ = {isa = PBXFileReference; fileEncoding = 4; lastKnownFileType = sourcecode.c.h; path = "NSString+URLEncode.h"; sourceTree = "<group>"; };
		D3E1DCF91DF32ADA00FE6B14 /* NSString+URLEncode.m */ = {isa = PBXFileReference; fileEncoding = 4; lastKnownFileType = sourcecode.c.objc; path = "NSString+URLEncode.m"; sourceTree = "<group>"; };
		D3E8FC881DFF344C00ED5E76 /* Base64Transcoder.c */ = {isa = PBXFileReference; fileEncoding = 4; lastKnownFileType = sourcecode.c.c; path = Base64Transcoder.c; sourceTree = "<group>"; };
		D3E8FC891DFF344C00ED5E76 /* Base64Transcoder.h */ = {isa = PBXFileReference; fileEncoding = 4; lastKnownFileType = sourcecode.c.h; path = Base64Transcoder.h; sourceTree = "<group>"; };
		D3E8FC8A1DFF344C00ED5E76 /* hmac.c */ = {isa = PBXFileReference; fileEncoding = 4; lastKnownFileType = sourcecode.c.c; path = hmac.c; sourceTree = "<group>"; };
		D3E8FC8B1DFF344C00ED5E76 /* hmac.h */ = {isa = PBXFileReference; fileEncoding = 4; lastKnownFileType = sourcecode.c.h; path = hmac.h; sourceTree = "<group>"; };
		D3E8FC8C1DFF344C00ED5E76 /* NSString+URLEncoding.h */ = {isa = PBXFileReference; fileEncoding = 4; lastKnownFileType = sourcecode.c.h; path = "NSString+URLEncoding.h"; sourceTree = "<group>"; };
		D3E8FC8D1DFF344C00ED5E76 /* NSString+URLEncoding.m */ = {isa = PBXFileReference; fileEncoding = 4; lastKnownFileType = sourcecode.c.objc; path = "NSString+URLEncoding.m"; sourceTree = "<group>"; };
		D3E8FC8E1DFF344C00ED5E76 /* OAuth1Controller.h */ = {isa = PBXFileReference; fileEncoding = 4; lastKnownFileType = sourcecode.c.h; path = OAuth1Controller.h; sourceTree = "<group>"; };
		D3E8FC8F1DFF344C00ED5E76 /* OAuth1Controller.m */ = {isa = PBXFileReference; fileEncoding = 4; lastKnownFileType = sourcecode.c.objc; path = OAuth1Controller.m; sourceTree = "<group>"; };
		D3E8FC901DFF344C00ED5E76 /* sha1.c */ = {isa = PBXFileReference; fileEncoding = 4; lastKnownFileType = sourcecode.c.c; path = sha1.c; sourceTree = "<group>"; };
		D3E8FC911DFF344C00ED5E76 /* sha1.h */ = {isa = PBXFileReference; fileEncoding = 4; lastKnownFileType = sourcecode.c.h; path = sha1.h; sourceTree = "<group>"; };
		D3F072801DFB2E7E00BD62B0 /* LoginWebViewController.h */ = {isa = PBXFileReference; fileEncoding = 4; lastKnownFileType = sourcecode.c.h; path = LoginWebViewController.h; sourceTree = "<group>"; };
		D3F072811DFB2E7E00BD62B0 /* LoginWebViewController.m */ = {isa = PBXFileReference; fileEncoding = 4; lastKnownFileType = sourcecode.c.objc; path = LoginWebViewController.m; sourceTree = "<group>"; };
		F5423C1F1DCB6982006FD69A /* ISNewsFeedModel.h */ = {isa = PBXFileReference; fileEncoding = 4; lastKnownFileType = sourcecode.c.h; path = ISNewsFeedModel.h; sourceTree = "<group>"; };
		F5423C201DCB6982006FD69A /* ISNewsFeedModel.m */ = {isa = PBXFileReference; fileEncoding = 4; lastKnownFileType = sourcecode.c.objc; path = ISNewsFeedModel.m; sourceTree = "<group>"; };
		F5423C211DCB6982006FD69A /* PhotosCellModel.h */ = {isa = PBXFileReference; fileEncoding = 4; lastKnownFileType = sourcecode.c.h; path = PhotosCellModel.h; sourceTree = "<group>"; };
		F5423C221DCB6982006FD69A /* PhotosCellModel.m */ = {isa = PBXFileReference; fileEncoding = 4; lastKnownFileType = sourcecode.c.objc; path = PhotosCellModel.m; sourceTree = "<group>"; };
		F5423C231DCB6982006FD69A /* ISSearchModel.h */ = {isa = PBXFileReference; fileEncoding = 4; lastKnownFileType = sourcecode.c.h; path = ISSearchModel.h; sourceTree = "<group>"; };
		F5423C241DCB6982006FD69A /* ISSearchModel.m */ = {isa = PBXFileReference; fileEncoding = 4; lastKnownFileType = sourcecode.c.objc; path = ISSearchModel.m; sourceTree = "<group>"; };
		F5423C291DCB69F3006FD69A /* IsSearchCollectionLayout.h */ = {isa = PBXFileReference; fileEncoding = 4; lastKnownFileType = sourcecode.c.h; path = IsSearchCollectionLayout.h; sourceTree = "<group>"; };
		F5423C2A1DCB69F3006FD69A /* IsSearchCollectionLayout.m */ = {isa = PBXFileReference; fileEncoding = 4; lastKnownFileType = sourcecode.c.objc; path = IsSearchCollectionLayout.m; sourceTree = "<group>"; };
		F5423C2C1DCB6A5B006FD69A /* ISTableViewImageCell.h */ = {isa = PBXFileReference; fileEncoding = 4; lastKnownFileType = sourcecode.c.h; path = ISTableViewImageCell.h; sourceTree = "<group>"; };
		F5423C2D1DCB6A5B006FD69A /* ISTableViewImageCell.m */ = {isa = PBXFileReference; fileEncoding = 4; lastKnownFileType = sourcecode.c.objc; path = ISTableViewImageCell.m; sourceTree = "<group>"; };
		F5423C2E1DCB6A5B006FD69A /* ISTableViewUserInfoCell.h */ = {isa = PBXFileReference; fileEncoding = 4; lastKnownFileType = sourcecode.c.h; path = ISTableViewUserInfoCell.h; sourceTree = "<group>"; };
		F5423C2F1DCB6A5B006FD69A /* ISTableViewUserInfoCell.m */ = {isa = PBXFileReference; fileEncoding = 4; lastKnownFileType = sourcecode.c.objc; path = ISTableViewUserInfoCell.m; sourceTree = "<group>"; };
		F5423C301DCB6A5B006FD69A /* ISTableViewLikeCell.h */ = {isa = PBXFileReference; fileEncoding = 4; lastKnownFileType = sourcecode.c.h; path = ISTableViewLikeCell.h; sourceTree = "<group>"; };
		F5423C311DCB6A5B006FD69A /* ISTableViewLikeCell.m */ = {isa = PBXFileReference; fileEncoding = 4; lastKnownFileType = sourcecode.c.objc; path = ISTableViewLikeCell.m; sourceTree = "<group>"; };
		F5423C321DCB6A5B006FD69A /* ISTableViewCommentsCell.h */ = {isa = PBXFileReference; fileEncoding = 4; lastKnownFileType = sourcecode.c.h; path = ISTableViewCommentsCell.h; sourceTree = "<group>"; };
		F5423C331DCB6A5B006FD69A /* ISTableViewCommentsCell.m */ = {isa = PBXFileReference; fileEncoding = 4; lastKnownFileType = sourcecode.c.objc; path = ISTableViewCommentsCell.m; sourceTree = "<group>"; };
		F5423C341DCB6A5B006FD69A /* ISTableViewInfoAndSareCell.h */ = {isa = PBXFileReference; fileEncoding = 4; lastKnownFileType = sourcecode.c.h; path = ISTableViewInfoAndSareCell.h; sourceTree = "<group>"; };
		F5423C351DCB6A5B006FD69A /* ISTableViewInfoAndSareCell.m */ = {isa = PBXFileReference; fileEncoding = 4; lastKnownFileType = sourcecode.c.objc; path = ISTableViewInfoAndSareCell.m; sourceTree = "<group>"; };
		F5423C3C1DCB6AD9006FD69A /* SearchViewCellCollection.h */ = {isa = PBXFileReference; fileEncoding = 4; lastKnownFileType = sourcecode.c.h; path = SearchViewCellCollection.h; sourceTree = "<group>"; };
		F5423C3D1DCB6AD9006FD69A /* SearchViewCellCollection.m */ = {isa = PBXFileReference; fileEncoding = 4; lastKnownFileType = sourcecode.c.objc; path = SearchViewCellCollection.m; sourceTree = "<group>"; };
		F5423C401DCB6B17006FD69A /* SignUpVC.h */ = {isa = PBXFileReference; fileEncoding = 4; lastKnownFileType = sourcecode.c.h; path = SignUpVC.h; sourceTree = "<group>"; };
		F5423C411DCB6B17006FD69A /* SignUpVC.m */ = {isa = PBXFileReference; fileEncoding = 4; lastKnownFileType = sourcecode.c.objc; path = SignUpVC.m; sourceTree = "<group>"; };
		F5423C421DCB6B17006FD69A /* ISHomeVC.h */ = {isa = PBXFileReference; fileEncoding = 4; lastKnownFileType = sourcecode.c.h; path = ISHomeVC.h; sourceTree = "<group>"; };
		F5423C431DCB6B17006FD69A /* ISHomeVC.m */ = {isa = PBXFileReference; fileEncoding = 4; lastKnownFileType = sourcecode.c.objc; path = ISHomeVC.m; sourceTree = "<group>"; };
		F5423C441DCB6B17006FD69A /* IsSearchVC.h */ = {isa = PBXFileReference; fileEncoding = 4; lastKnownFileType = sourcecode.c.h; path = IsSearchVC.h; sourceTree = "<group>"; };
		F5423C451DCB6B17006FD69A /* IsSearchVC.m */ = {isa = PBXFileReference; fileEncoding = 4; lastKnownFileType = sourcecode.c.objc; path = IsSearchVC.m; sourceTree = "<group>"; };
		F5423C4A1DCB6B4F006FD69A /* animals.jpg */ = {isa = PBXFileReference; lastKnownFileType = image.jpeg; path = animals.jpg; sourceTree = "<group>"; };
		F5423C4B1DCB6B4F006FD69A /* art.jpg */ = {isa = PBXFileReference; lastKnownFileType = image.jpeg; path = art.jpg; sourceTree = "<group>"; };
		F5423C4C1DCB6B4F006FD69A /* blackWhite.jpg */ = {isa = PBXFileReference; lastKnownFileType = image.jpeg; path = blackWhite.jpg; sourceTree = "<group>"; };
		F5423C4D1DCB6B4F006FD69A /* food.jpg */ = {isa = PBXFileReference; lastKnownFileType = image.jpeg; path = food.jpg; sourceTree = "<group>"; };
		F5423C4E1DCB6B4F006FD69A /* present.jpg */ = {isa = PBXFileReference; lastKnownFileType = image.jpeg; path = present.jpg; sourceTree = "<group>"; };
		F5423C4F1DCB6B4F006FD69A /* sea.jpg */ = {isa = PBXFileReference; lastKnownFileType = image.jpeg; path = sea.jpg; sourceTree = "<group>"; };
		F5423C501DCB6B4F006FD69A /* travel.jpg */ = {isa = PBXFileReference; lastKnownFileType = image.jpeg; path = travel.jpg; sourceTree = "<group>"; };
		F5423C511DCB6B4F006FD69A /* choice.jpg */ = {isa = PBXFileReference; lastKnownFileType = image.jpeg; path = choice.jpg; sourceTree = "<group>"; };
		F5423C521DCB6B4F006FD69A /* interesting.jpg */ = {isa = PBXFileReference; lastKnownFileType = image.jpeg; path = interesting.jpg; sourceTree = "<group>"; };
		F5423C531DCB6B4F006FD69A /* nature.jpg */ = {isa = PBXFileReference; lastKnownFileType = image.jpeg; path = nature.jpg; sourceTree = "<group>"; };
		F5423C541DCB6B4F006FD69A /* new.jpg */ = {isa = PBXFileReference; lastKnownFileType = image.jpeg; path = new.jpg; sourceTree = "<group>"; };
		F5423C551DCB6B4F006FD69A /* popular.jpg */ = {isa = PBXFileReference; lastKnownFileType = image.jpeg; path = popular.jpg; sourceTree = "<group>"; };
		F5423C561DCB6B4F006FD69A /* 2.jpg */ = {isa = PBXFileReference; lastKnownFileType = image.jpeg; path = 2.jpg; sourceTree = "<group>"; };
		F5423C571DCB6B4F006FD69A /* 1.jpg */ = {isa = PBXFileReference; lastKnownFileType = image.jpeg; path = 1.jpg; sourceTree = "<group>"; };
		F5423C661DCB6B5C006FD69A /* PhotoCollectionVC.h */ = {isa = PBXFileReference; fileEncoding = 4; lastKnownFileType = sourcecode.c.h; path = PhotoCollectionVC.h; sourceTree = "<group>"; };
		F5423C671DCB6B5C006FD69A /* PhotoCollectionVC.m */ = {isa = PBXFileReference; fileEncoding = 4; lastKnownFileType = sourcecode.c.objc; path = PhotoCollectionVC.m; sourceTree = "<group>"; };
		F5423C681DCB6B5C006FD69A /* CellPhotos.h */ = {isa = PBXFileReference; fileEncoding = 4; lastKnownFileType = sourcecode.c.h; path = CellPhotos.h; sourceTree = "<group>"; };
		F5423C691DCB6B5C006FD69A /* CellPhotos.m */ = {isa = PBXFileReference; fileEncoding = 4; lastKnownFileType = sourcecode.c.objc; path = CellPhotos.m; sourceTree = "<group>"; };
		F56BB3FC1E049562008C9ED1 /* popularSticker2@2x.png */ = {isa = PBXFileReference; lastKnownFileType = image.png; path = "popularSticker2@2x.png"; sourceTree = "<group>"; };
		F56BB3FD1E049562008C9ED1 /* popularSticker@2x.png */ = {isa = PBXFileReference; lastKnownFileType = image.png; path = "popularSticker@2x.png"; sourceTree = "<group>"; };
		F56BB3FE1E049562008C9ED1 /* choiceSticker2@2x.png */ = {isa = PBXFileReference; lastKnownFileType = image.png; path = "choiceSticker2@2x.png"; sourceTree = "<group>"; };
		F5D01EC11DF55A0800ABD067 /* MSPhotos.h */ = {isa = PBXFileReference; fileEncoding = 4; lastKnownFileType = sourcecode.c.h; path = MSPhotos.h; sourceTree = "<group>"; };
		F5D01EC21DF55A0800ABD067 /* MSPhotos.m */ = {isa = PBXFileReference; fileEncoding = 4; lastKnownFileType = sourcecode.c.objc; path = MSPhotos.m; sourceTree = "<group>"; };
/* End PBXFileReference section */

/* Begin PBXFrameworksBuildPhase section */
		D34965261DB4043E00813293 /* Frameworks */ = {
			isa = PBXFrameworksBuildPhase;
			buildActionMask = 2147483647;
			files = (
				CDC863C9AE710BF1C7B060EA /* libPods-500PXapp.a in Frameworks */,
			);
			runOnlyForDeploymentPostprocessing = 0;
		};
		D34965421DB4043E00813293 /* Frameworks */ = {
			isa = PBXFrameworksBuildPhase;
			buildActionMask = 2147483647;
			files = (
			);
			runOnlyForDeploymentPostprocessing = 0;
		};
		D349654D1DB4043E00813293 /* Frameworks */ = {
			isa = PBXFrameworksBuildPhase;
			buildActionMask = 2147483647;
			files = (
			);
			runOnlyForDeploymentPostprocessing = 0;
		};
/* End PBXFrameworksBuildPhase section */

/* Begin PBXGroup section */
		71A17DD5C2D9487308CB6E36 /* Frameworks */ = {
			isa = PBXGroup;
			children = (
				41491F94D57B52837C2FFFDB /* libPods-500PXapp.a */,
			);
			name = Frameworks;
			sourceTree = "<group>";
		};
		CEBEB1581E03371000C0D737 /* Users */ = {
			isa = PBXGroup;
			children = (
				CEBEB15C1E03387C00C0D737 /* OSSubscribersTableVC.h */,
				CEBEB15D1E03387C00C0D737 /* OSSubscribersTableVC.m */,
				CEBEB1591E03379B00C0D737 /* OSCustomCellForSubsTVC.h */,
				CEBEB15A1E03379B00C0D737 /* OSCustomCellForSubsTVC.m */,
				CE9F72C91E05A341001261BB /* OSFriendsTVC.h */,
				CE9F72CA1E05A341001261BB /* OSFriendsTVC.m */,
			);
			name = Users;
			sourceTree = "<group>";
		};
		CEBEB15F1E03391D00C0D737 /* MyPage */ = {
			isa = PBXGroup;
			children = (
				CEBEB1611E03393600C0D737 /* Users */,
				CEBEB1601E03392E00C0D737 /* Photos */,
			);
			name = MyPage;
			sourceTree = "<group>";
		};
		CEBEB1601E03392E00C0D737 /* Photos */ = {
			isa = PBXGroup;
			children = (
				F5423C211DCB6982006FD69A /* PhotosCellModel.h */,
				F5423C221DCB6982006FD69A /* PhotosCellModel.m */,
			);
			name = Photos;
			sourceTree = "<group>";
		};
		CEBEB1611E03393600C0D737 /* Users */ = {
			isa = PBXGroup;
			children = (
				CEBEB1621E03396900C0D737 /* OSCustomCellForSubTVC.h */,
				CEBEB1631E03396900C0D737 /* OSCustomCellForSubTVC.m */,
			);
			name = Users;
			sourceTree = "<group>";
		};
		CEF7F42C1DDF457A00447439 /* MyPage */ = {
			isa = PBXGroup;
			children = (
				CEBEB1581E03371000C0D737 /* Users */,
				CEF7F42D1DDF459000447439 /* Photos */,
				CEA656C31DE18BC6002CD2B3 /* MyPageVC.h */,
				CEA656C41DE18BC6002CD2B3 /* MyPageVC.m */,
			);
			name = MyPage;
			sourceTree = "<group>";
		};
		CEF7F42D1DDF459000447439 /* Photos */ = {
			isa = PBXGroup;
			children = (
				F5423C661DCB6B5C006FD69A /* PhotoCollectionVC.h */,
				F5423C671DCB6B5C006FD69A /* PhotoCollectionVC.m */,
				F5423C681DCB6B5C006FD69A /* CellPhotos.h */,
				F5423C691DCB6B5C006FD69A /* CellPhotos.m */,
			);
			name = Photos;
			sourceTree = "<group>";
		};
		CEF7F4311DDF45E300447439 /* Storyboards */ = {
			isa = PBXGroup;
			children = (
				D34965351DB4043E00813293 /* Main.storyboard */,
				CEF7F4321DDF45FC00447439 /* MyPage */,
			);
			name = Storyboards;
			sourceTree = "<group>";
		};
		CEF7F4321DDF45FC00447439 /* MyPage */ = {
			isa = PBXGroup;
			children = (
				CEF7F42E1DDF45D800447439 /* MyPageTab.storyboard */,
			);
			name = MyPage;
			sourceTree = "<group>";
		};
		D313613F1E0481370075BD5C /* coreData */ = {
			isa = PBXGroup;
			children = (
				D313614F1E0481C00075BD5C /* dataModel */,
				D31361401E0481680075BD5C /* ISCoreDataTableViewController.h */,
				D31361501E0485660075BD5C /* ISCoreDataTabBarVCViewController.h */,
				D31361511E0485660075BD5C /* ISCoreDataTabBarVCViewController.m */,
				D31361411E0481680075BD5C /* ISCoreDataTableViewController.m */,
				D31361421E0481680075BD5C /* ISCoreDataViewController.h */,
				D31361431E0481680075BD5C /* ISCoreDataViewController.m */,
				D31361441E0481680075BD5C /* ISDataManager.h */,
				D31361451E0481680075BD5C /* ISDataManager.m */,
				D34965381DB4043E00813293 /* _00PXapp.xcdatamodeld */,
			);
			name = coreData;
			sourceTree = "<group>";
		};
		D313614F1E0481C00075BD5C /* dataModel */ = {
			isa = PBXGroup;
			children = (
				D313614B1E0481B00075BD5C /* ISUserData+CoreDataProperties.h */,
				D313614C1E0481B00075BD5C /* ISUserData+CoreDataProperties.m */,
			);
			name = dataModel;
			sourceTree = "<group>";
		};
		D31EDDD515558D98CC166D02 /* Pods */ = {
			isa = PBXGroup;
			children = (
				15946F4F748628307FFFAF20 /* Pods-500PXapp.debug.xcconfig */,
				5FF7DDAF287543F8316D0669 /* Pods-500PXapp.release.xcconfig */,
			);
			name = Pods;
			sourceTree = "<group>";
		};
		D34965201DB4043E00813293 = {
			isa = PBXGroup;
			children = (
				D349652B1DB4043E00813293 /* 500PXapp */,
				D34965481DB4043E00813293 /* 500PXappTests */,
				D34965531DB4043E00813293 /* 500PXappUITests */,
				D349652A1DB4043E00813293 /* Products */,
				D31EDDD515558D98CC166D02 /* Pods */,
				71A17DD5C2D9487308CB6E36 /* Frameworks */,
			);
			sourceTree = "<group>";
		};
		D349652A1DB4043E00813293 /* Products */ = {
			isa = PBXGroup;
			children = (
				D34965291DB4043E00813293 /* 500PXapp.app */,
				D34965451DB4043E00813293 /* 500PXappTests.xctest */,
				D34965501DB4043E00813293 /* 500PXappUITests.xctest */,
			);
			name = Products;
			sourceTree = "<group>";
		};
		D349652B1DB4043E00813293 /* 500PXapp */ = {
			isa = PBXGroup;
			children = (
				F5423C3F1DCB6AE3006FD69A /* ViewControllers */,
				F5423C3B1DCB6AB6006FD69A /* CellSearch */,
				F5423C1D1DCB6915006FD69A /* IsCollectionLayout */,
				F5423C1E1DCB695A006FD69A /* Models */,
				D3CB5C581DE4DD5F00AFCE3A /* ISServerManager.h */,
				D3CB5C591DE4DD5F00AFCE3A /* ISServerManager.m */,
				D349652F1DB4043E00813293 /* AppDelegate.h */,
				D34965301DB4043E00813293 /* AppDelegate.m */,
				D34965321DB4043E00813293 /* ViewController.h */,
				D34965331DB4043E00813293 /* ViewController.m */,
				CEF7F4311DDF45E300447439 /* Storyboards */,
				D349653B1DB4043E00813293 /* Assets.xcassets */,
				D349653D1DB4043E00813293 /* LaunchScreen.storyboard */,
				D34965401DB4043E00813293 /* Info.plist */,
				D313613F1E0481370075BD5C /* coreData */,
				D349652C1DB4043E00813293 /* Supporting Files */,
			);
			path = 500PXapp;
			sourceTree = "<group>";
		};
		D349652C1DB4043E00813293 /* Supporting Files */ = {
			isa = PBXGroup;
			children = (
				D349652D1DB4043E00813293 /* main.m */,
			);
			name = "Supporting Files";
			sourceTree = "<group>";
		};
		D34965481DB4043E00813293 /* 500PXappTests */ = {
			isa = PBXGroup;
			children = (
				D34965491DB4043E00813293 /* _00PXappTests.m */,
				D349654B1DB4043E00813293 /* Info.plist */,
			);
			path = 500PXappTests;
			sourceTree = "<group>";
		};
		D34965531DB4043E00813293 /* 500PXappUITests */ = {
			isa = PBXGroup;
			children = (
				D34965541DB4043E00813293 /* _00PXappUITests.m */,
				D34965561DB4043E00813293 /* Info.plist */,
			);
			path = 500PXappUITests;
			sourceTree = "<group>";
		};
		D3A28B331DEF095000EA415B /* lib */ = {
			isa = PBXGroup;
			children = (
				D3F0728E1DFB2E9400BD62B0 /* OAuth1 */,
				D3F072801DFB2E7E00BD62B0 /* LoginWebViewController.h */,
				D3F072811DFB2E7E00BD62B0 /* LoginWebViewController.m */,
				D3E1DCF81DF32ADA00FE6B14 /* NSString+URLEncode.h */,
				D3E1DCF91DF32ADA00FE6B14 /* NSString+URLEncode.m */,
				D3A28B431DEF3A3600EA415B /* BDBOAuth1Manager */,
			);
			name = lib;
			sourceTree = "<group>";
		};
		D3A28B431DEF3A3600EA415B /* BDBOAuth1Manager */ = {
			isa = PBXGroup;
			children = (
				D3A28B441DEF3A3600EA415B /* BDBOAuth1RequestSerializer.h */,
				D3A28B451DEF3A3600EA415B /* BDBOAuth1RequestSerializer.m */,
				D3A28B461DEF3A3600EA415B /* BDBOAuth1SessionManager.h */,
				D3A28B471DEF3A3600EA415B /* BDBOAuth1SessionManager.m */,
				D3A28B481DEF3A3600EA415B /* Categories */,
			);
			path = BDBOAuth1Manager;
			sourceTree = "<group>";
		};
		D3A28B481DEF3A3600EA415B /* Categories */ = {
			isa = PBXGroup;
			children = (
				D3A28B491DEF3A3600EA415B /* NSDictionary+BDBOAuth1Manager.h */,
				D3A28B4A1DEF3A3600EA415B /* NSDictionary+BDBOAuth1Manager.m */,
				D3A28B4B1DEF3A3600EA415B /* NSString+BDBOAuth1Manager.h */,
				D3A28B4C1DEF3A3600EA415B /* NSString+BDBOAuth1Manager.m */,
			);
			path = Categories;
			sourceTree = "<group>";
		};
		D3E8FC871DFF344C00ED5E76 /* lib1 */ = {
			isa = PBXGroup;
			children = (
				D3E8FC881DFF344C00ED5E76 /* Base64Transcoder.c */,
				D3E8FC891DFF344C00ED5E76 /* Base64Transcoder.h */,
				D3E8FC8A1DFF344C00ED5E76 /* hmac.c */,
				D3E8FC8B1DFF344C00ED5E76 /* hmac.h */,
				D3E8FC8C1DFF344C00ED5E76 /* NSString+URLEncoding.h */,
				D3E8FC8D1DFF344C00ED5E76 /* NSString+URLEncoding.m */,
				D3E8FC8E1DFF344C00ED5E76 /* OAuth1Controller.h */,
				D3E8FC8F1DFF344C00ED5E76 /* OAuth1Controller.m */,
				D3E8FC901DFF344C00ED5E76 /* sha1.c */,
				D3E8FC911DFF344C00ED5E76 /* sha1.h */,
			);
			name = lib1;
			path = lib;
			sourceTree = "<group>";
		};
		D3F072891DFB2E9400BD62B0 /* Crypto */ = {
			isa = PBXGroup;
			children = (
			);
			path = Crypto;
			sourceTree = "<group>";
		};
		D3F0728E1DFB2E9400BD62B0 /* OAuth1 */ = {
			isa = PBXGroup;
			children = (
				D3F072891DFB2E9400BD62B0 /* Crypto */,
			);
			name = OAuth1;
			path = "../../../../Downloads/simple-oauth1-master-2/Simple-OAuth1/Simple-OAuth1";
			sourceTree = "<group>";
		};
		F5423C1D1DCB6915006FD69A /* IsCollectionLayout */ = {
			isa = PBXGroup;
			children = (
				F5423C291DCB69F3006FD69A /* IsSearchCollectionLayout.h */,
				F5423C2A1DCB69F3006FD69A /* IsSearchCollectionLayout.m */,
				F5423C281DCB6994006FD69A /* CustomCellHomeVC */,
			);
			name = IsCollectionLayout;
			sourceTree = "<group>";
		};
		F5423C1E1DCB695A006FD69A /* Models */ = {
			isa = PBXGroup;
			children = (
				CEBEB15F1E03391D00C0D737 /* MyPage */,
				D3E8FC871DFF344C00ED5E76 /* lib1 */,
				D3A28B331DEF095000EA415B /* lib */,
				D3E1DCD21DF195B100FE6B14 /* ISUser.h */,
				D3E1DCD31DF195B100FE6B14 /* ISUser.m */,
				F5423C1F1DCB6982006FD69A /* ISNewsFeedModel.h */,
				F5423C201DCB6982006FD69A /* ISNewsFeedModel.m */,
				F5423C231DCB6982006FD69A /* ISSearchModel.h */,
				F5423C241DCB6982006FD69A /* ISSearchModel.m */,
				F5D01EC11DF55A0800ABD067 /* MSPhotos.h */,
				F5D01EC21DF55A0800ABD067 /* MSPhotos.m */,
			);
			name = Models;
			sourceTree = "<group>";
		};
		F5423C281DCB6994006FD69A /* CustomCellHomeVC */ = {
			isa = PBXGroup;
			children = (
				F5423C2C1DCB6A5B006FD69A /* ISTableViewImageCell.h */,
				F5423C2D1DCB6A5B006FD69A /* ISTableViewImageCell.m */,
				F5423C2E1DCB6A5B006FD69A /* ISTableViewUserInfoCell.h */,
				F5423C2F1DCB6A5B006FD69A /* ISTableViewUserInfoCell.m */,
				F5423C301DCB6A5B006FD69A /* ISTableViewLikeCell.h */,
				F5423C311DCB6A5B006FD69A /* ISTableViewLikeCell.m */,
				F5423C321DCB6A5B006FD69A /* ISTableViewCommentsCell.h */,
				F5423C331DCB6A5B006FD69A /* ISTableViewCommentsCell.m */,
				F5423C341DCB6A5B006FD69A /* ISTableViewInfoAndSareCell.h */,
				F5423C351DCB6A5B006FD69A /* ISTableViewInfoAndSareCell.m */,
			);
			name = CustomCellHomeVC;
			sourceTree = "<group>";
		};
		F5423C3B1DCB6AB6006FD69A /* CellSearch */ = {
			isa = PBXGroup;
			children = (
				F5423C3C1DCB6AD9006FD69A /* SearchViewCellCollection.h */,
				F5423C3D1DCB6AD9006FD69A /* SearchViewCellCollection.m */,
			);
			name = CellSearch;
			sourceTree = "<group>";
		};
		F5423C3F1DCB6AE3006FD69A /* ViewControllers */ = {
			isa = PBXGroup;
			children = (
				CEF7F42C1DDF457A00447439 /* MyPage */,
				D3DB2D431DF404C100DABDFB /* ISTabBarVC.h */,
				D3DB2D441DF404C100DABDFB /* ISTabBarVC.m */,
				D3D245D21DE71DBB00F8F33A /* ISAccessToken.h */,
				D3D245D31DE71DBB00F8F33A /* ISAccessToken.m */,
				D33A78B61DDDDFB600BC743A /* ISPageContentVC.h */,
				D33A78B71DDDDFB600BC743A /* ISPageContentVC.m */,
				D33A78B81DDDDFB600BC743A /* ISRootPegeVC.h */,
				D33A78B91DDDDFB600BC743A /* ISRootPegeVC.m */,
				D33A78BC1DDDE0B100BC743A /* ISShowFullPhotoVC.h */,
				D33A78BD1DDDE0B100BC743A /* ISShowFullPhotoVC.m */,
				F5423C491DCB6B39006FD69A /* test */,
				F5423C401DCB6B17006FD69A /* SignUpVC.h */,
				F5423C411DCB6B17006FD69A /* SignUpVC.m */,
				F5423C421DCB6B17006FD69A /* ISHomeVC.h */,
				F5423C431DCB6B17006FD69A /* ISHomeVC.m */,
				F5423C441DCB6B17006FD69A /* IsSearchVC.h */,
				F5423C451DCB6B17006FD69A /* IsSearchVC.m */,
			);
			name = ViewControllers;
			sourceTree = "<group>";
		};
		F5423C491DCB6B39006FD69A /* test */ = {
			isa = PBXGroup;
			children = (
				F5423C4A1DCB6B4F006FD69A /* animals.jpg */,
				F5423C4B1DCB6B4F006FD69A /* art.jpg */,
				F5423C4C1DCB6B4F006FD69A /* blackWhite.jpg */,
				F5423C4D1DCB6B4F006FD69A /* food.jpg */,
				F5423C4E1DCB6B4F006FD69A /* present.jpg */,
				F5423C4F1DCB6B4F006FD69A /* sea.jpg */,
				F5423C501DCB6B4F006FD69A /* travel.jpg */,
				F5423C511DCB6B4F006FD69A /* choice.jpg */,
				F5423C521DCB6B4F006FD69A /* interesting.jpg */,
				F5423C531DCB6B4F006FD69A /* nature.jpg */,
				F5423C541DCB6B4F006FD69A /* new.jpg */,
				F5423C551DCB6B4F006FD69A /* popular.jpg */,
				F5423C561DCB6B4F006FD69A /* 2.jpg */,
				F56BB3FC1E049562008C9ED1 /* popularSticker2@2x.png */,
				F56BB3FD1E049562008C9ED1 /* popularSticker@2x.png */,
				F56BB3FE1E049562008C9ED1 /* choiceSticker2@2x.png */,
				F5423C571DCB6B4F006FD69A /* 1.jpg */,
				D33A78C11DDDE6A800BC743A /* 3.jpg */,
				D33A78BF1DDDE69D00BC743A /* 4.jpg */,
				D33A78C31DDDEAC600BC743A /* 5.jpg */,
				D395D6E61DFC4F3B00CCE729 /* loading.png */,
			);
			name = test;
			sourceTree = "<group>";
		};
/* End PBXGroup section */

/* Begin PBXNativeTarget section */
		D34965281DB4043E00813293 /* 500PXapp */ = {
			isa = PBXNativeTarget;
			buildConfigurationList = D34965591DB4043E00813293 /* Build configuration list for PBXNativeTarget "500PXapp" */;
			buildPhases = (
				29A24584D03D0F529DF15C6C /* [CP] Check Pods Manifest.lock */,
				D34965251DB4043E00813293 /* Sources */,
				D34965261DB4043E00813293 /* Frameworks */,
				D34965271DB4043E00813293 /* Resources */,
				58E1F1880243D399E0A8F8E7 /* [CP] Embed Pods Frameworks */,
				FDA1C370816C928DA8982579 /* [CP] Copy Pods Resources */,
			);
			buildRules = (
			);
			dependencies = (
			);
			name = 500PXapp;
			productName = 500PXapp;
			productReference = D34965291DB4043E00813293 /* 500PXapp.app */;
			productType = "com.apple.product-type.application";
		};
		D34965441DB4043E00813293 /* 500PXappTests */ = {
			isa = PBXNativeTarget;
			buildConfigurationList = D349655C1DB4043E00813293 /* Build configuration list for PBXNativeTarget "500PXappTests" */;
			buildPhases = (
				D34965411DB4043E00813293 /* Sources */,
				D34965421DB4043E00813293 /* Frameworks */,
				D34965431DB4043E00813293 /* Resources */,
			);
			buildRules = (
			);
			dependencies = (
				D34965471DB4043E00813293 /* PBXTargetDependency */,
			);
			name = 500PXappTests;
			productName = 500PXappTests;
			productReference = D34965451DB4043E00813293 /* 500PXappTests.xctest */;
			productType = "com.apple.product-type.bundle.unit-test";
		};
		D349654F1DB4043E00813293 /* 500PXappUITests */ = {
			isa = PBXNativeTarget;
			buildConfigurationList = D349655F1DB4043E00813293 /* Build configuration list for PBXNativeTarget "500PXappUITests" */;
			buildPhases = (
				D349654C1DB4043E00813293 /* Sources */,
				D349654D1DB4043E00813293 /* Frameworks */,
				D349654E1DB4043E00813293 /* Resources */,
			);
			buildRules = (
			);
			dependencies = (
				D34965521DB4043E00813293 /* PBXTargetDependency */,
			);
			name = 500PXappUITests;
			productName = 500PXappUITests;
			productReference = D34965501DB4043E00813293 /* 500PXappUITests.xctest */;
			productType = "com.apple.product-type.bundle.ui-testing";
		};
/* End PBXNativeTarget section */

/* Begin PBXProject section */
		D34965211DB4043E00813293 /* Project object */ = {
			isa = PBXProject;
			attributes = {
				KnownAssetTags = (
					main,
				);
				LastUpgradeCheck = 0810;
				ORGANIZATIONNAME = techpark_ios;
				TargetAttributes = {
					D34965281DB4043E00813293 = {
						CreatedOnToolsVersion = 8.0;
						ProvisioningStyle = Automatic;
					};
					D34965441DB4043E00813293 = {
						CreatedOnToolsVersion = 8.0;
						ProvisioningStyle = Automatic;
						TestTargetID = D34965281DB4043E00813293;
					};
					D349654F1DB4043E00813293 = {
						CreatedOnToolsVersion = 8.0;
						ProvisioningStyle = Automatic;
						TestTargetID = D34965281DB4043E00813293;
					};
				};
			};
			buildConfigurationList = D34965241DB4043E00813293 /* Build configuration list for PBXProject "500PXapp" */;
			compatibilityVersion = "Xcode 3.2";
			developmentRegion = English;
			hasScannedForEncodings = 0;
			knownRegions = (
				en,
				Base,
			);
			mainGroup = D34965201DB4043E00813293;
			productRefGroup = D349652A1DB4043E00813293 /* Products */;
			projectDirPath = "";
			projectRoot = "";
			targets = (
				D34965281DB4043E00813293 /* 500PXapp */,
				D34965441DB4043E00813293 /* 500PXappTests */,
				D349654F1DB4043E00813293 /* 500PXappUITests */,
			);
		};
/* End PBXProject section */

/* Begin PBXResourcesBuildPhase section */
		D34965271DB4043E00813293 /* Resources */ = {
			isa = PBXResourcesBuildPhase;
			buildActionMask = 2147483647;
			files = (
				F5423C5D1DCB6B4F006FD69A /* sea.jpg in Resources */,
				D349653F1DB4043E00813293 /* LaunchScreen.storyboard in Resources */,
				F5423C601DCB6B4F006FD69A /* interesting.jpg in Resources */,
				CEF7F4301DDF45D800447439 /* MyPageTab.storyboard in Resources */,
				D349653C1DB4043E00813293 /* Assets.xcassets in Resources */,
				F5423C651DCB6B4F006FD69A /* 1.jpg in Resources */,
				D34965371DB4043E00813293 /* Main.storyboard in Resources */,
				F5423C5C1DCB6B4F006FD69A /* present.jpg in Resources */,
				D33A78C41DDDEAC600BC743A /* 5.jpg in Resources */,
				F5423C641DCB6B4F006FD69A /* 2.jpg in Resources */,
				F56BB4001E049562008C9ED1 /* popularSticker@2x.png in Resources */,
				F5423C5F1DCB6B4F006FD69A /* choice.jpg in Resources */,
				F5423C5A1DCB6B4F006FD69A /* blackWhite.jpg in Resources */,
				F5423C621DCB6B4F006FD69A /* new.jpg in Resources */,
				D33A78C01DDDE69D00BC743A /* 4.jpg in Resources */,
				D395D6E71DFC4F3B00CCE729 /* loading.png in Resources */,
				D33A78C21DDDE6A800BC743A /* 3.jpg in Resources */,
				F56BB3FF1E049562008C9ED1 /* popularSticker2@2x.png in Resources */,
				F5423C5B1DCB6B4F006FD69A /* food.jpg in Resources */,
				F5423C631DCB6B4F006FD69A /* popular.jpg in Resources */,
				F5423C5E1DCB6B4F006FD69A /* travel.jpg in Resources */,
				F5423C611DCB6B4F006FD69A /* nature.jpg in Resources */,
				F5423C581DCB6B4F006FD69A /* animals.jpg in Resources */,
				F5423C591DCB6B4F006FD69A /* art.jpg in Resources */,
				F56BB4011E049562008C9ED1 /* choiceSticker2@2x.png in Resources */,
			);
			runOnlyForDeploymentPostprocessing = 0;
		};
		D34965431DB4043E00813293 /* Resources */ = {
			isa = PBXResourcesBuildPhase;
			buildActionMask = 2147483647;
			files = (
			);
			runOnlyForDeploymentPostprocessing = 0;
		};
		D349654E1DB4043E00813293 /* Resources */ = {
			isa = PBXResourcesBuildPhase;
			buildActionMask = 2147483647;
			files = (
			);
			runOnlyForDeploymentPostprocessing = 0;
		};
/* End PBXResourcesBuildPhase section */

/* Begin PBXShellScriptBuildPhase section */
		29A24584D03D0F529DF15C6C /* [CP] Check Pods Manifest.lock */ = {
			isa = PBXShellScriptBuildPhase;
			buildActionMask = 2147483647;
			files = (
			);
			inputPaths = (
			);
			name = "[CP] Check Pods Manifest.lock";
			outputPaths = (
			);
			runOnlyForDeploymentPostprocessing = 0;
			shellPath = /bin/sh;
			shellScript = "diff \"${PODS_ROOT}/../Podfile.lock\" \"${PODS_ROOT}/Manifest.lock\" > /dev/null\nif [ $? != 0 ] ; then\n    # print error to STDERR\n    echo \"error: The sandbox is not in sync with the Podfile.lock. Run 'pod install' or update your CocoaPods installation.\" >&2\n    exit 1\nfi\n";
			showEnvVarsInLog = 0;
		};
		58E1F1880243D399E0A8F8E7 /* [CP] Embed Pods Frameworks */ = {
			isa = PBXShellScriptBuildPhase;
			buildActionMask = 2147483647;
			files = (
			);
			inputPaths = (
			);
			name = "[CP] Embed Pods Frameworks";
			outputPaths = (
			);
			runOnlyForDeploymentPostprocessing = 0;
			shellPath = /bin/sh;
			shellScript = "\"${SRCROOT}/Pods/Target Support Files/Pods-500PXapp/Pods-500PXapp-frameworks.sh\"\n";
			showEnvVarsInLog = 0;
		};
		FDA1C370816C928DA8982579 /* [CP] Copy Pods Resources */ = {
			isa = PBXShellScriptBuildPhase;
			buildActionMask = 2147483647;
			files = (
			);
			inputPaths = (
			);
			name = "[CP] Copy Pods Resources";
			outputPaths = (
			);
			runOnlyForDeploymentPostprocessing = 0;
			shellPath = /bin/sh;
			shellScript = "\"${SRCROOT}/Pods/Target Support Files/Pods-500PXapp/Pods-500PXapp-resources.sh\"\n";
			showEnvVarsInLog = 0;
		};
/* End PBXShellScriptBuildPhase section */

/* Begin PBXSourcesBuildPhase section */
		D34965251DB4043E00813293 /* Sources */ = {
			isa = PBXSourcesBuildPhase;
			buildActionMask = 2147483647;
			files = (
				D313614E1E0481B00075BD5C /* ISUserData+CoreDataProperties.m in Sources */,
				D3E8FC961DFF344C00ED5E76 /* sha1.c in Sources */,
				F5423C381DCB6A5B006FD69A /* ISTableViewLikeCell.m in Sources */,
				D33A78BE1DDDE0B100BC743A /* ISShowFullPhotoVC.m in Sources */,
				D33A78BA1DDDDFB600BC743A /* ISPageContentVC.m in Sources */,
				F5423C391DCB6A5B006FD69A /* ISTableViewCommentsCell.m in Sources */,
				D34965341DB4043E00813293 /* ViewController.m in Sources */,
				D3E8FC951DFF344C00ED5E76 /* OAuth1Controller.m in Sources */,
				D3D245D41DE71DBB00F8F33A /* ISAccessToken.m in Sources */,
				D3A28B501DEF3A3600EA415B /* NSString+BDBOAuth1Manager.m in Sources */,
				D3A28B4D1DEF3A3600EA415B /* BDBOAuth1RequestSerializer.m in Sources */,
				D31361521E0485660075BD5C /* ISCoreDataTabBarVCViewController.m in Sources */,
				F5423C6A1DCB6B5C006FD69A /* PhotoCollectionVC.m in Sources */,
				F5423C471DCB6B17006FD69A /* ISHomeVC.m in Sources */,
				CEA656C51DE18BC6002CD2B3 /* MyPageVC.m in Sources */,
				F5423C2B1DCB69F3006FD69A /* IsSearchCollectionLayout.m in Sources */,
				D349653A1DB4043E00813293 /* _00PXapp.xcdatamodeld in Sources */,
				D31361471E0481680075BD5C /* ISCoreDataViewController.m in Sources */,
				CEBEB15E1E03387C00C0D737 /* OSSubscribersTableVC.m in Sources */,
				F5423C271DCB6982006FD69A /* ISSearchModel.m in Sources */,
				D3A28B4F1DEF3A3600EA415B /* NSDictionary+BDBOAuth1Manager.m in Sources */,
				F5423C3A1DCB6A5B006FD69A /* ISTableViewInfoAndSareCell.m in Sources */,
				F5423C371DCB6A5B006FD69A /* ISTableViewUserInfoCell.m in Sources */,
				F5423C6B1DCB6B5C006FD69A /* CellPhotos.m in Sources */,
				F5423C251DCB6982006FD69A /* ISNewsFeedModel.m in Sources */,
				D3E1DCFA1DF32ADA00FE6B14 /* NSString+URLEncode.m in Sources */,
				D3E1DCD41DF195B100FE6B14 /* ISUser.m in Sources */,
				D34965311DB4043E00813293 /* AppDelegate.m in Sources */,
				CEBEB1641E03396900C0D737 /* OSCustomCellForSubTVC.m in Sources */,
				D3CB5C5A1DE4DD5F00AFCE3A /* ISServerManager.m in Sources */,
				F5423C3E1DCB6AD9006FD69A /* SearchViewCellCollection.m in Sources */,
				D3E8FC941DFF344C00ED5E76 /* NSString+URLEncoding.m in Sources */,
				D3E8FC931DFF344C00ED5E76 /* hmac.c in Sources */,
				F5423C481DCB6B17006FD69A /* IsSearchVC.m in Sources */,
				D3A28B4E1DEF3A3600EA415B /* BDBOAuth1SessionManager.m in Sources */,
				CE9F72CB1E05A341001261BB /* OSFriendsTVC.m in Sources */,
				D31361461E0481680075BD5C /* ISCoreDataTableViewController.m in Sources */,
				D33A78BB1DDDDFB600BC743A /* ISRootPegeVC.m in Sources */,
				F5423C261DCB6982006FD69A /* PhotosCellModel.m in Sources */,
				D3E8FC921DFF344C00ED5E76 /* Base64Transcoder.c in Sources */,
				CEBEB15B1E03379B00C0D737 /* OSCustomCellForSubsTVC.m in Sources */,
				F5423C461DCB6B17006FD69A /* SignUpVC.m in Sources */,
				D3F072821DFB2E7E00BD62B0 /* LoginWebViewController.m in Sources */,
				F5D01EC31DF55A0800ABD067 /* MSPhotos.m in Sources */,
				D349652E1DB4043E00813293 /* main.m in Sources */,
				D3DB2D451DF404C100DABDFB /* ISTabBarVC.m in Sources */,
				F5423C361DCB6A5B006FD69A /* ISTableViewImageCell.m in Sources */,
				D31361481E0481680075BD5C /* ISDataManager.m in Sources */,
			);
			runOnlyForDeploymentPostprocessing = 0;
		};
		D34965411DB4043E00813293 /* Sources */ = {
			isa = PBXSourcesBuildPhase;
			buildActionMask = 2147483647;
			files = (
				D349654A1DB4043E00813293 /* _00PXappTests.m in Sources */,
			);
			runOnlyForDeploymentPostprocessing = 0;
		};
		D349654C1DB4043E00813293 /* Sources */ = {
			isa = PBXSourcesBuildPhase;
			buildActionMask = 2147483647;
			files = (
				D34965551DB4043E00813293 /* _00PXappUITests.m in Sources */,
			);
			runOnlyForDeploymentPostprocessing = 0;
		};
/* End PBXSourcesBuildPhase section */

/* Begin PBXTargetDependency section */
		D34965471DB4043E00813293 /* PBXTargetDependency */ = {
			isa = PBXTargetDependency;
			target = D34965281DB4043E00813293 /* 500PXapp */;
			targetProxy = D34965461DB4043E00813293 /* PBXContainerItemProxy */;
		};
		D34965521DB4043E00813293 /* PBXTargetDependency */ = {
			isa = PBXTargetDependency;
			target = D34965281DB4043E00813293 /* 500PXapp */;
			targetProxy = D34965511DB4043E00813293 /* PBXContainerItemProxy */;
		};
/* End PBXTargetDependency section */

/* Begin PBXVariantGroup section */
		CEF7F42E1DDF45D800447439 /* MyPageTab.storyboard */ = {
			isa = PBXVariantGroup;
			children = (
				CEF7F42F1DDF45D800447439 /* Base */,
			);
			name = MyPageTab.storyboard;
			sourceTree = "<group>";
		};
		D34965351DB4043E00813293 /* Main.storyboard */ = {
			isa = PBXVariantGroup;
			children = (
				D34965361DB4043E00813293 /* Base */,
			);
			name = Main.storyboard;
			sourceTree = "<group>";
		};
		D349653D1DB4043E00813293 /* LaunchScreen.storyboard */ = {
			isa = PBXVariantGroup;
			children = (
				D349653E1DB4043E00813293 /* Base */,
			);
			name = LaunchScreen.storyboard;
			sourceTree = "<group>";
		};
/* End PBXVariantGroup section */

/* Begin XCBuildConfiguration section */
		D34965571DB4043E00813293 /* Debug */ = {
			isa = XCBuildConfiguration;
			buildSettings = {
				ALWAYS_SEARCH_USER_PATHS = NO;
				CLANG_ANALYZER_NONNULL = YES;
				CLANG_CXX_LANGUAGE_STANDARD = "gnu++0x";
				CLANG_CXX_LIBRARY = "libc++";
				CLANG_ENABLE_MODULES = YES;
				CLANG_ENABLE_OBJC_ARC = YES;
				CLANG_WARN_BOOL_CONVERSION = YES;
				CLANG_WARN_CONSTANT_CONVERSION = YES;
				CLANG_WARN_DIRECT_OBJC_ISA_USAGE = YES_ERROR;
				CLANG_WARN_DOCUMENTATION_COMMENTS = YES;
				CLANG_WARN_EMPTY_BODY = YES;
				CLANG_WARN_ENUM_CONVERSION = YES;
				CLANG_WARN_INFINITE_RECURSION = YES;
				CLANG_WARN_INT_CONVERSION = YES;
				CLANG_WARN_OBJC_ROOT_CLASS = YES_ERROR;
				CLANG_WARN_SUSPICIOUS_MOVE = YES;
				CLANG_WARN_SUSPICIOUS_MOVES = YES;
				CLANG_WARN_UNREACHABLE_CODE = YES;
				CLANG_WARN__DUPLICATE_METHOD_MATCH = YES;
				"CODE_SIGN_IDENTITY[sdk=iphoneos*]" = "iPhone Developer";
				COPY_PHASE_STRIP = NO;
				DEBUG_INFORMATION_FORMAT = dwarf;
				ENABLE_STRICT_OBJC_MSGSEND = YES;
				ENABLE_TESTABILITY = YES;
				GCC_C_LANGUAGE_STANDARD = gnu99;
				GCC_DYNAMIC_NO_PIC = NO;
				GCC_NO_COMMON_BLOCKS = YES;
				GCC_OPTIMIZATION_LEVEL = 0;
				GCC_PREPROCESSOR_DEFINITIONS = (
					"DEBUG=1",
					"$(inherited)",
				);
				GCC_WARN_64_TO_32_BIT_CONVERSION = YES;
				GCC_WARN_ABOUT_RETURN_TYPE = YES_ERROR;
				GCC_WARN_UNDECLARED_SELECTOR = YES;
				GCC_WARN_UNINITIALIZED_AUTOS = YES_AGGRESSIVE;
				GCC_WARN_UNUSED_FUNCTION = YES;
				GCC_WARN_UNUSED_VARIABLE = YES;
				IPHONEOS_DEPLOYMENT_TARGET = 10.0;
				MTL_ENABLE_DEBUG_INFO = YES;
				ONLY_ACTIVE_ARCH = YES;
				SDKROOT = iphoneos;
			};
			name = Debug;
		};
		D34965581DB4043E00813293 /* Release */ = {
			isa = XCBuildConfiguration;
			buildSettings = {
				ALWAYS_SEARCH_USER_PATHS = NO;
				CLANG_ANALYZER_NONNULL = YES;
				CLANG_CXX_LANGUAGE_STANDARD = "gnu++0x";
				CLANG_CXX_LIBRARY = "libc++";
				CLANG_ENABLE_MODULES = YES;
				CLANG_ENABLE_OBJC_ARC = YES;
				CLANG_WARN_BOOL_CONVERSION = YES;
				CLANG_WARN_CONSTANT_CONVERSION = YES;
				CLANG_WARN_DIRECT_OBJC_ISA_USAGE = YES_ERROR;
				CLANG_WARN_DOCUMENTATION_COMMENTS = YES;
				CLANG_WARN_EMPTY_BODY = YES;
				CLANG_WARN_ENUM_CONVERSION = YES;
				CLANG_WARN_INFINITE_RECURSION = YES;
				CLANG_WARN_INT_CONVERSION = YES;
				CLANG_WARN_OBJC_ROOT_CLASS = YES_ERROR;
				CLANG_WARN_SUSPICIOUS_MOVE = YES;
				CLANG_WARN_SUSPICIOUS_MOVES = YES;
				CLANG_WARN_UNREACHABLE_CODE = YES;
				CLANG_WARN__DUPLICATE_METHOD_MATCH = YES;
				"CODE_SIGN_IDENTITY[sdk=iphoneos*]" = "iPhone Developer";
				COPY_PHASE_STRIP = NO;
				DEBUG_INFORMATION_FORMAT = "dwarf-with-dsym";
				ENABLE_NS_ASSERTIONS = NO;
				ENABLE_STRICT_OBJC_MSGSEND = YES;
				GCC_C_LANGUAGE_STANDARD = gnu99;
				GCC_NO_COMMON_BLOCKS = YES;
				GCC_WARN_64_TO_32_BIT_CONVERSION = YES;
				GCC_WARN_ABOUT_RETURN_TYPE = YES_ERROR;
				GCC_WARN_UNDECLARED_SELECTOR = YES;
				GCC_WARN_UNINITIALIZED_AUTOS = YES_AGGRESSIVE;
				GCC_WARN_UNUSED_FUNCTION = YES;
				GCC_WARN_UNUSED_VARIABLE = YES;
				IPHONEOS_DEPLOYMENT_TARGET = 10.0;
				MTL_ENABLE_DEBUG_INFO = NO;
				SDKROOT = iphoneos;
				VALIDATE_PRODUCT = YES;
			};
			name = Release;
		};
		D349655A1DB4043E00813293 /* Debug */ = {
			isa = XCBuildConfiguration;
			baseConfigurationReference = 15946F4F748628307FFFAF20 /* Pods-500PXapp.debug.xcconfig */;
			buildSettings = {
				ASSETCATALOG_COMPILER_APPICON_NAME = AppIcon;
				DEVELOPMENT_TEAM = "";
				INFOPLIST_FILE = 500PXapp/Info.plist;
				IPHONEOS_DEPLOYMENT_TARGET = 9.3;
				LD_RUNPATH_SEARCH_PATHS = "$(inherited) @executable_path/Frameworks";
				PRODUCT_BUNDLE_IDENTIFIER = "TP.com.-00PXapp";
				PRODUCT_NAME = "$(TARGET_NAME)";
			};
			name = Debug;
		};
		D349655B1DB4043E00813293 /* Release */ = {
			isa = XCBuildConfiguration;
			baseConfigurationReference = 5FF7DDAF287543F8316D0669 /* Pods-500PXapp.release.xcconfig */;
			buildSettings = {
				ASSETCATALOG_COMPILER_APPICON_NAME = AppIcon;
				DEVELOPMENT_TEAM = "";
				INFOPLIST_FILE = 500PXapp/Info.plist;
				IPHONEOS_DEPLOYMENT_TARGET = 9.3;
				LD_RUNPATH_SEARCH_PATHS = "$(inherited) @executable_path/Frameworks";
				PRODUCT_BUNDLE_IDENTIFIER = "TP.com.-00PXapp";
				PRODUCT_NAME = "$(TARGET_NAME)";
			};
			name = Release;
		};
		D349655D1DB4043E00813293 /* Debug */ = {
			isa = XCBuildConfiguration;
			buildSettings = {
				BUNDLE_LOADER = "$(TEST_HOST)";
				INFOPLIST_FILE = 500PXappTests/Info.plist;
				LD_RUNPATH_SEARCH_PATHS = "$(inherited) @executable_path/Frameworks @loader_path/Frameworks";
				PRODUCT_BUNDLE_IDENTIFIER = "TP.com.-00PXappTests";
				PRODUCT_NAME = "$(TARGET_NAME)";
				TEST_HOST = "$(BUILT_PRODUCTS_DIR)/500PXapp.app/500PXapp";
			};
			name = Debug;
		};
		D349655E1DB4043E00813293 /* Release */ = {
			isa = XCBuildConfiguration;
			buildSettings = {
				BUNDLE_LOADER = "$(TEST_HOST)";
				INFOPLIST_FILE = 500PXappTests/Info.plist;
				LD_RUNPATH_SEARCH_PATHS = "$(inherited) @executable_path/Frameworks @loader_path/Frameworks";
				PRODUCT_BUNDLE_IDENTIFIER = "TP.com.-00PXappTests";
				PRODUCT_NAME = "$(TARGET_NAME)";
				TEST_HOST = "$(BUILT_PRODUCTS_DIR)/500PXapp.app/500PXapp";
			};
			name = Release;
		};
		D34965601DB4043E00813293 /* Debug */ = {
			isa = XCBuildConfiguration;
			buildSettings = {
				INFOPLIST_FILE = 500PXappUITests/Info.plist;
				LD_RUNPATH_SEARCH_PATHS = "$(inherited) @executable_path/Frameworks @loader_path/Frameworks";
				PRODUCT_BUNDLE_IDENTIFIER = "TP.com.-00PXappUITests";
				PRODUCT_NAME = "$(TARGET_NAME)";
				TEST_TARGET_NAME = 500PXapp;
			};
			name = Debug;
		};
		D34965611DB4043E00813293 /* Release */ = {
			isa = XCBuildConfiguration;
			buildSettings = {
				INFOPLIST_FILE = 500PXappUITests/Info.plist;
				LD_RUNPATH_SEARCH_PATHS = "$(inherited) @executable_path/Frameworks @loader_path/Frameworks";
				PRODUCT_BUNDLE_IDENTIFIER = "TP.com.-00PXappUITests";
				PRODUCT_NAME = "$(TARGET_NAME)";
				TEST_TARGET_NAME = 500PXapp;
			};
			name = Release;
		};
/* End XCBuildConfiguration section */

/* Begin XCConfigurationList section */
		D34965241DB4043E00813293 /* Build configuration list for PBXProject "500PXapp" */ = {
			isa = XCConfigurationList;
			buildConfigurations = (
				D34965571DB4043E00813293 /* Debug */,
				D34965581DB4043E00813293 /* Release */,
			);
			defaultConfigurationIsVisible = 0;
			defaultConfigurationName = Release;
		};
		D34965591DB4043E00813293 /* Build configuration list for PBXNativeTarget "500PXapp" */ = {
			isa = XCConfigurationList;
			buildConfigurations = (
				D349655A1DB4043E00813293 /* Debug */,
				D349655B1DB4043E00813293 /* Release */,
			);
			defaultConfigurationIsVisible = 0;
			defaultConfigurationName = Release;
		};
		D349655C1DB4043E00813293 /* Build configuration list for PBXNativeTarget "500PXappTests" */ = {
			isa = XCConfigurationList;
			buildConfigurations = (
				D349655D1DB4043E00813293 /* Debug */,
				D349655E1DB4043E00813293 /* Release */,
			);
			defaultConfigurationIsVisible = 0;
			defaultConfigurationName = Release;
		};
		D349655F1DB4043E00813293 /* Build configuration list for PBXNativeTarget "500PXappUITests" */ = {
			isa = XCConfigurationList;
			buildConfigurations = (
				D34965601DB4043E00813293 /* Debug */,
				D34965611DB4043E00813293 /* Release */,
			);
			defaultConfigurationIsVisible = 0;
			defaultConfigurationName = Release;
		};
/* End XCConfigurationList section */

/* Begin XCVersionGroup section */
		D34965381DB4043E00813293 /* _00PXapp.xcdatamodeld */ = {
			isa = XCVersionGroup;
			children = (
				D34965391DB4043E00813293 /* _00PXapp.xcdatamodel */,
			);
			currentVersion = D34965391DB4043E00813293 /* _00PXapp.xcdatamodel */;
			path = _00PXapp.xcdatamodeld;
			sourceTree = "<group>";
			versionGroupType = wrapper.xcdatamodel;
		};
/* End XCVersionGroup section */
	};
	rootObject = D34965211DB4043E00813293 /* Project object */;
}
