// !$*UTF8*$!
{
	archiveVersion = 1;
	classes = {
	};
	objectVersion = 46;
	objects = {

/* Begin PBXBuildFile section */
		D349652E1DB4043E00813293 /* main.m in Sources */ = {isa = PBXBuildFile; fileRef = D349652D1DB4043E00813293 /* main.m */; };
		D34965311DB4043E00813293 /* AppDelegate.m in Sources */ = {isa = PBXBuildFile; fileRef = D34965301DB4043E00813293 /* AppDelegate.m */; };
		D34965341DB4043E00813293 /* ViewController.m in Sources */ = {isa = PBXBuildFile; fileRef = D34965331DB4043E00813293 /* ViewController.m */; };
		D34965371DB4043E00813293 /* Main.storyboard in Resources */ = {isa = PBXBuildFile; fileRef = D34965351DB4043E00813293 /* Main.storyboard */; };
		D349653A1DB4043E00813293 /* _00PXapp.xcdatamodeld in Sources */ = {isa = PBXBuildFile; fileRef = D34965381DB4043E00813293 /* _00PXapp.xcdatamodeld */; };
		D349653C1DB4043E00813293 /* Assets.xcassets in Resources */ = {isa = PBXBuildFile; fileRef = D349653B1DB4043E00813293 /* Assets.xcassets */; };
		D349653F1DB4043E00813293 /* LaunchScreen.storyboard in Resources */ = {isa = PBXBuildFile; fileRef = D349653D1DB4043E00813293 /* LaunchScreen.storyboard */; };
		D349654A1DB4043E00813293 /* _00PXappTests.m in Sources */ = {isa = PBXBuildFile; fileRef = D34965491DB4043E00813293 /* _00PXappTests.m */; };
		D34965551DB4043E00813293 /* _00PXappUITests.m in Sources */ = {isa = PBXBuildFile; fileRef = D34965541DB4043E00813293 /* _00PXappUITests.m */; };
		F5423C251DCB6982006FD69A /* ISNewsFeedModel.m in Sources */ = {isa = PBXBuildFile; fileRef = F5423C201DCB6982006FD69A /* ISNewsFeedModel.m */; };
		F5423C261DCB6982006FD69A /* PhotosCellModel.m in Sources */ = {isa = PBXBuildFile; fileRef = F5423C221DCB6982006FD69A /* PhotosCellModel.m */; };
		F5423C271DCB6982006FD69A /* ISSearchModel.m in Sources */ = {isa = PBXBuildFile; fileRef = F5423C241DCB6982006FD69A /* ISSearchModel.m */; };
		F5423C2B1DCB69F3006FD69A /* IsSearchCollectionLayout.m in Sources */ = {isa = PBXBuildFile; fileRef = F5423C2A1DCB69F3006FD69A /* IsSearchCollectionLayout.m */; };
		F5423C361DCB6A5B006FD69A /* ISTableViewImageCell.m in Sources */ = {isa = PBXBuildFile; fileRef = F5423C2D1DCB6A5B006FD69A /* ISTableViewImageCell.m */; };
		F5423C371DCB6A5B006FD69A /* ISTableViewUserInfoCell.m in Sources */ = {isa = PBXBuildFile; fileRef = F5423C2F1DCB6A5B006FD69A /* ISTableViewUserInfoCell.m */; };
		F5423C381DCB6A5B006FD69A /* ISTableViewLikeCell.m in Sources */ = {isa = PBXBuildFile; fileRef = F5423C311DCB6A5B006FD69A /* ISTableViewLikeCell.m */; };
		F5423C391DCB6A5B006FD69A /* ISTableViewCommentsCell.m in Sources */ = {isa = PBXBuildFile; fileRef = F5423C331DCB6A5B006FD69A /* ISTableViewCommentsCell.m */; };
		F5423C3A1DCB6A5B006FD69A /* ISTableViewInfoAndSareCell.m in Sources */ = {isa = PBXBuildFile; fileRef = F5423C351DCB6A5B006FD69A /* ISTableViewInfoAndSareCell.m */; };
		F5423C3E1DCB6AD9006FD69A /* SearchViewCellCollection.m in Sources */ = {isa = PBXBuildFile; fileRef = F5423C3D1DCB6AD9006FD69A /* SearchViewCellCollection.m */; };
		F5423C461DCB6B17006FD69A /* SignUpVC.m in Sources */ = {isa = PBXBuildFile; fileRef = F5423C411DCB6B17006FD69A /* SignUpVC.m */; };
		F5423C471DCB6B17006FD69A /* ISHomeVC.m in Sources */ = {isa = PBXBuildFile; fileRef = F5423C431DCB6B17006FD69A /* ISHomeVC.m */; };
		F5423C481DCB6B17006FD69A /* IsSearchVC.m in Sources */ = {isa = PBXBuildFile; fileRef = F5423C451DCB6B17006FD69A /* IsSearchVC.m */; };
		F5423C581DCB6B4F006FD69A /* animals.jpg in Resources */ = {isa = PBXBuildFile; fileRef = F5423C4A1DCB6B4F006FD69A /* animals.jpg */; };
		F5423C591DCB6B4F006FD69A /* art.jpg in Resources */ = {isa = PBXBuildFile; fileRef = F5423C4B1DCB6B4F006FD69A /* art.jpg */; };
		F5423C5A1DCB6B4F006FD69A /* blackWhite.jpg in Resources */ = {isa = PBXBuildFile; fileRef = F5423C4C1DCB6B4F006FD69A /* blackWhite.jpg */; };
		F5423C5B1DCB6B4F006FD69A /* food.jpg in Resources */ = {isa = PBXBuildFile; fileRef = F5423C4D1DCB6B4F006FD69A /* food.jpg */; };
		F5423C5C1DCB6B4F006FD69A /* present.jpg in Resources */ = {isa = PBXBuildFile; fileRef = F5423C4E1DCB6B4F006FD69A /* present.jpg */; };
		F5423C5D1DCB6B4F006FD69A /* sea.jpg in Resources */ = {isa = PBXBuildFile; fileRef = F5423C4F1DCB6B4F006FD69A /* sea.jpg */; };
		F5423C5E1DCB6B4F006FD69A /* travel.jpg in Resources */ = {isa = PBXBuildFile; fileRef = F5423C501DCB6B4F006FD69A /* travel.jpg */; };
		F5423C5F1DCB6B4F006FD69A /* choice.jpg in Resources */ = {isa = PBXBuildFile; fileRef = F5423C511DCB6B4F006FD69A /* choice.jpg */; };
		F5423C601DCB6B4F006FD69A /* interesting.jpg in Resources */ = {isa = PBXBuildFile; fileRef = F5423C521DCB6B4F006FD69A /* interesting.jpg */; };
		F5423C611DCB6B4F006FD69A /* nature.jpg in Resources */ = {isa = PBXBuildFile; fileRef = F5423C531DCB6B4F006FD69A /* nature.jpg */; };
		F5423C621DCB6B4F006FD69A /* new.jpg in Resources */ = {isa = PBXBuildFile; fileRef = F5423C541DCB6B4F006FD69A /* new.jpg */; };
		F5423C631DCB6B4F006FD69A /* popular.jpg in Resources */ = {isa = PBXBuildFile; fileRef = F5423C551DCB6B4F006FD69A /* popular.jpg */; };
		F5423C641DCB6B4F006FD69A /* 2.jpg in Resources */ = {isa = PBXBuildFile; fileRef = F5423C561DCB6B4F006FD69A /* 2.jpg */; };
		F5423C651DCB6B4F006FD69A /* 1.jpg in Resources */ = {isa = PBXBuildFile; fileRef = F5423C571DCB6B4F006FD69A /* 1.jpg */; };
		F5423C6A1DCB6B5C006FD69A /* PhotoCollectionVC.m in Sources */ = {isa = PBXBuildFile; fileRef = F5423C671DCB6B5C006FD69A /* PhotoCollectionVC.m */; };
		F5423C6B1DCB6B5C006FD69A /* CellPhotos.m in Sources */ = {isa = PBXBuildFile; fileRef = F5423C691DCB6B5C006FD69A /* CellPhotos.m */; };
/* End PBXBuildFile section */

/* Begin PBXContainerItemProxy section */
		D34965461DB4043E00813293 /* PBXContainerItemProxy */ = {
			isa = PBXContainerItemProxy;
			containerPortal = D34965211DB4043E00813293 /* Project object */;
			proxyType = 1;
			remoteGlobalIDString = D34965281DB4043E00813293;
			remoteInfo = 500PXapp;
		};
		D34965511DB4043E00813293 /* PBXContainerItemProxy */ = {
			isa = PBXContainerItemProxy;
			containerPortal = D34965211DB4043E00813293 /* Project object */;
			proxyType = 1;
			remoteGlobalIDString = D34965281DB4043E00813293;
			remoteInfo = 500PXapp;
		};
/* End PBXContainerItemProxy section */

/* Begin PBXFileReference section */
		D34965291DB4043E00813293 /* 500PXapp.app */ = {isa = PBXFileReference; explicitFileType = wrapper.application; includeInIndex = 0; path = 500PXapp.app; sourceTree = BUILT_PRODUCTS_DIR; };
		D349652D1DB4043E00813293 /* main.m */ = {isa = PBXFileReference; lastKnownFileType = sourcecode.c.objc; path = main.m; sourceTree = "<group>"; };
		D349652F1DB4043E00813293 /* AppDelegate.h */ = {isa = PBXFileReference; lastKnownFileType = sourcecode.c.h; path = AppDelegate.h; sourceTree = "<group>"; };
		D34965301DB4043E00813293 /* AppDelegate.m */ = {isa = PBXFileReference; lastKnownFileType = sourcecode.c.objc; path = AppDelegate.m; sourceTree = "<group>"; };
		D34965321DB4043E00813293 /* ViewController.h */ = {isa = PBXFileReference; lastKnownFileType = sourcecode.c.h; path = ViewController.h; sourceTree = "<group>"; };
		D34965331DB4043E00813293 /* ViewController.m */ = {isa = PBXFileReference; lastKnownFileType = sourcecode.c.objc; path = ViewController.m; sourceTree = "<group>"; };
		D34965361DB4043E00813293 /* Base */ = {isa = PBXFileReference; lastKnownFileType = file.storyboard; name = Base; path = Base.lproj/Main.storyboard; sourceTree = "<group>"; };
		D34965391DB4043E00813293 /* _00PXapp.xcdatamodel */ = {isa = PBXFileReference; lastKnownFileType = wrapper.xcdatamodel; path = _00PXapp.xcdatamodel; sourceTree = "<group>"; };
		D349653B1DB4043E00813293 /* Assets.xcassets */ = {isa = PBXFileReference; lastKnownFileType = folder.assetcatalog; path = Assets.xcassets; sourceTree = "<group>"; };
		D349653E1DB4043E00813293 /* Base */ = {isa = PBXFileReference; lastKnownFileType = file.storyboard; name = Base; path = Base.lproj/LaunchScreen.storyboard; sourceTree = "<group>"; };
		D34965401DB4043E00813293 /* Info.plist */ = {isa = PBXFileReference; lastKnownFileType = text.plist.xml; path = Info.plist; sourceTree = "<group>"; };
		D34965451DB4043E00813293 /* 500PXappTests.xctest */ = {isa = PBXFileReference; explicitFileType = wrapper.cfbundle; includeInIndex = 0; path = 500PXappTests.xctest; sourceTree = BUILT_PRODUCTS_DIR; };
		D34965491DB4043E00813293 /* _00PXappTests.m */ = {isa = PBXFileReference; lastKnownFileType = sourcecode.c.objc; path = _00PXappTests.m; sourceTree = "<group>"; };
		D349654B1DB4043E00813293 /* Info.plist */ = {isa = PBXFileReference; lastKnownFileType = text.plist.xml; path = Info.plist; sourceTree = "<group>"; };
		D34965501DB4043E00813293 /* 500PXappUITests.xctest */ = {isa = PBXFileReference; explicitFileType = wrapper.cfbundle; includeInIndex = 0; path = 500PXappUITests.xctest; sourceTree = BUILT_PRODUCTS_DIR; };
		D34965541DB4043E00813293 /* _00PXappUITests.m */ = {isa = PBXFileReference; lastKnownFileType = sourcecode.c.objc; path = _00PXappUITests.m; sourceTree = "<group>"; };
		D34965561DB4043E00813293 /* Info.plist */ = {isa = PBXFileReference; lastKnownFileType = text.plist.xml; path = Info.plist; sourceTree = "<group>"; };
		F5423C1F1DCB6982006FD69A /* ISNewsFeedModel.h */ = {isa = PBXFileReference; fileEncoding = 4; lastKnownFileType = sourcecode.c.h; path = ISNewsFeedModel.h; sourceTree = "<group>"; };
		F5423C201DCB6982006FD69A /* ISNewsFeedModel.m */ = {isa = PBXFileReference; fileEncoding = 4; lastKnownFileType = sourcecode.c.objc; path = ISNewsFeedModel.m; sourceTree = "<group>"; };
		F5423C211DCB6982006FD69A /* PhotosCellModel.h */ = {isa = PBXFileReference; fileEncoding = 4; lastKnownFileType = sourcecode.c.h; path = PhotosCellModel.h; sourceTree = "<group>"; };
		F5423C221DCB6982006FD69A /* PhotosCellModel.m */ = {isa = PBXFileReference; fileEncoding = 4; lastKnownFileType = sourcecode.c.objc; path = PhotosCellModel.m; sourceTree = "<group>"; };
		F5423C231DCB6982006FD69A /* ISSearchModel.h */ = {isa = PBXFileReference; fileEncoding = 4; lastKnownFileType = sourcecode.c.h; path = ISSearchModel.h; sourceTree = "<group>"; };
		F5423C241DCB6982006FD69A /* ISSearchModel.m */ = {isa = PBXFileReference; fileEncoding = 4; lastKnownFileType = sourcecode.c.objc; path = ISSearchModel.m; sourceTree = "<group>"; };
		F5423C291DCB69F3006FD69A /* IsSearchCollectionLayout.h */ = {isa = PBXFileReference; fileEncoding = 4; lastKnownFileType = sourcecode.c.h; path = IsSearchCollectionLayout.h; sourceTree = "<group>"; };
		F5423C2A1DCB69F3006FD69A /* IsSearchCollectionLayout.m */ = {isa = PBXFileReference; fileEncoding = 4; lastKnownFileType = sourcecode.c.objc; path = IsSearchCollectionLayout.m; sourceTree = "<group>"; };
		F5423C2C1DCB6A5B006FD69A /* ISTableViewImageCell.h */ = {isa = PBXFileReference; fileEncoding = 4; lastKnownFileType = sourcecode.c.h; path = ISTableViewImageCell.h; sourceTree = "<group>"; };
		F5423C2D1DCB6A5B006FD69A /* ISTableViewImageCell.m */ = {isa = PBXFileReference; fileEncoding = 4; lastKnownFileType = sourcecode.c.objc; path = ISTableViewImageCell.m; sourceTree = "<group>"; };
		F5423C2E1DCB6A5B006FD69A /* ISTableViewUserInfoCell.h */ = {isa = PBXFileReference; fileEncoding = 4; lastKnownFileType = sourcecode.c.h; path = ISTableViewUserInfoCell.h; sourceTree = "<group>"; };
		F5423C2F1DCB6A5B006FD69A /* ISTableViewUserInfoCell.m */ = {isa = PBXFileReference; fileEncoding = 4; lastKnownFileType = sourcecode.c.objc; path = ISTableViewUserInfoCell.m; sourceTree = "<group>"; };
		F5423C301DCB6A5B006FD69A /* ISTableViewLikeCell.h */ = {isa = PBXFileReference; fileEncoding = 4; lastKnownFileType = sourcecode.c.h; path = ISTableViewLikeCell.h; sourceTree = "<group>"; };
		F5423C311DCB6A5B006FD69A /* ISTableViewLikeCell.m */ = {isa = PBXFileReference; fileEncoding = 4; lastKnownFileType = sourcecode.c.objc; path = ISTableViewLikeCell.m; sourceTree = "<group>"; };
		F5423C321DCB6A5B006FD69A /* ISTableViewCommentsCell.h */ = {isa = PBXFileReference; fileEncoding = 4; lastKnownFileType = sourcecode.c.h; path = ISTableViewCommentsCell.h; sourceTree = "<group>"; };
		F5423C331DCB6A5B006FD69A /* ISTableViewCommentsCell.m */ = {isa = PBXFileReference; fileEncoding = 4; lastKnownFileType = sourcecode.c.objc; path = ISTableViewCommentsCell.m; sourceTree = "<group>"; };
		F5423C341DCB6A5B006FD69A /* ISTableViewInfoAndSareCell.h */ = {isa = PBXFileReference; fileEncoding = 4; lastKnownFileType = sourcecode.c.h; path = ISTableViewInfoAndSareCell.h; sourceTree = "<group>"; };
		F5423C351DCB6A5B006FD69A /* ISTableViewInfoAndSareCell.m */ = {isa = PBXFileReference; fileEncoding = 4; lastKnownFileType = sourcecode.c.objc; path = ISTableViewInfoAndSareCell.m; sourceTree = "<group>"; };
		F5423C3C1DCB6AD9006FD69A /* SearchViewCellCollection.h */ = {isa = PBXFileReference; fileEncoding = 4; lastKnownFileType = sourcecode.c.h; path = SearchViewCellCollection.h; sourceTree = "<group>"; };
		F5423C3D1DCB6AD9006FD69A /* SearchViewCellCollection.m */ = {isa = PBXFileReference; fileEncoding = 4; lastKnownFileType = sourcecode.c.objc; path = SearchViewCellCollection.m; sourceTree = "<group>"; };
		F5423C401DCB6B17006FD69A /* SignUpVC.h */ = {isa = PBXFileReference; fileEncoding = 4; lastKnownFileType = sourcecode.c.h; path = SignUpVC.h; sourceTree = "<group>"; };
		F5423C411DCB6B17006FD69A /* SignUpVC.m */ = {isa = PBXFileReference; fileEncoding = 4; lastKnownFileType = sourcecode.c.objc; path = SignUpVC.m; sourceTree = "<group>"; };
		F5423C421DCB6B17006FD69A /* ISHomeVC.h */ = {isa = PBXFileReference; fileEncoding = 4; lastKnownFileType = sourcecode.c.h; path = ISHomeVC.h; sourceTree = "<group>"; };
		F5423C431DCB6B17006FD69A /* ISHomeVC.m */ = {isa = PBXFileReference; fileEncoding = 4; lastKnownFileType = sourcecode.c.objc; path = ISHomeVC.m; sourceTree = "<group>"; };
		F5423C441DCB6B17006FD69A /* IsSearchVC.h */ = {isa = PBXFileReference; fileEncoding = 4; lastKnownFileType = sourcecode.c.h; path = IsSearchVC.h; sourceTree = "<group>"; };
		F5423C451DCB6B17006FD69A /* IsSearchVC.m */ = {isa = PBXFileReference; fileEncoding = 4; lastKnownFileType = sourcecode.c.objc; path = IsSearchVC.m; sourceTree = "<group>"; };
		F5423C4A1DCB6B4F006FD69A /* animals.jpg */ = {isa = PBXFileReference; lastKnownFileType = image.jpeg; path = animals.jpg; sourceTree = "<group>"; };
		F5423C4B1DCB6B4F006FD69A /* art.jpg */ = {isa = PBXFileReference; lastKnownFileType = image.jpeg; path = art.jpg; sourceTree = "<group>"; };
		F5423C4C1DCB6B4F006FD69A /* blackWhite.jpg */ = {isa = PBXFileReference; lastKnownFileType = image.jpeg; path = blackWhite.jpg; sourceTree = "<group>"; };
		F5423C4D1DCB6B4F006FD69A /* food.jpg */ = {isa = PBXFileReference; lastKnownFileType = image.jpeg; path = food.jpg; sourceTree = "<group>"; };
		F5423C4E1DCB6B4F006FD69A /* present.jpg */ = {isa = PBXFileReference; lastKnownFileType = image.jpeg; path = present.jpg; sourceTree = "<group>"; };
		F5423C4F1DCB6B4F006FD69A /* sea.jpg */ = {isa = PBXFileReference; lastKnownFileType = image.jpeg; path = sea.jpg; sourceTree = "<group>"; };
		F5423C501DCB6B4F006FD69A /* travel.jpg */ = {isa = PBXFileReference; lastKnownFileType = image.jpeg; path = travel.jpg; sourceTree = "<group>"; };
		F5423C511DCB6B4F006FD69A /* choice.jpg */ = {isa = PBXFileReference; lastKnownFileType = image.jpeg; path = choice.jpg; sourceTree = "<group>"; };
		F5423C521DCB6B4F006FD69A /* interesting.jpg */ = {isa = PBXFileReference; lastKnownFileType = image.jpeg; path = interesting.jpg; sourceTree = "<group>"; };
		F5423C531DCB6B4F006FD69A /* nature.jpg */ = {isa = PBXFileReference; lastKnownFileType = image.jpeg; path = nature.jpg; sourceTree = "<group>"; };
		F5423C541DCB6B4F006FD69A /* new.jpg */ = {isa = PBXFileReference; lastKnownFileType = image.jpeg; path = new.jpg; sourceTree = "<group>"; };
		F5423C551DCB6B4F006FD69A /* popular.jpg */ = {isa = PBXFileReference; lastKnownFileType = image.jpeg; path = popular.jpg; sourceTree = "<group>"; };
		F5423C561DCB6B4F006FD69A /* 2.jpg */ = {isa = PBXFileReference; lastKnownFileType = image.jpeg; path = 2.jpg; sourceTree = "<group>"; };
		F5423C571DCB6B4F006FD69A /* 1.jpg */ = {isa = PBXFileReference; lastKnownFileType = image.jpeg; path = 1.jpg; sourceTree = "<group>"; };
		F5423C661DCB6B5C006FD69A /* PhotoCollectionVC.h */ = {isa = PBXFileReference; fileEncoding = 4; lastKnownFileType = sourcecode.c.h; path = PhotoCollectionVC.h; sourceTree = "<group>"; };
		F5423C671DCB6B5C006FD69A /* PhotoCollectionVC.m */ = {isa = PBXFileReference; fileEncoding = 4; lastKnownFileType = sourcecode.c.objc; path = PhotoCollectionVC.m; sourceTree = "<group>"; };
		F5423C681DCB6B5C006FD69A /* CellPhotos.h */ = {isa = PBXFileReference; fileEncoding = 4; lastKnownFileType = sourcecode.c.h; path = CellPhotos.h; sourceTree = "<group>"; };
		F5423C691DCB6B5C006FD69A /* CellPhotos.m */ = {isa = PBXFileReference; fileEncoding = 4; lastKnownFileType = sourcecode.c.objc; path = CellPhotos.m; sourceTree = "<group>"; };
/* End PBXFileReference section */

/* Begin PBXFrameworksBuildPhase section */
		D34965261DB4043E00813293 /* Frameworks */ = {
			isa = PBXFrameworksBuildPhase;
			buildActionMask = 2147483647;
			files = (
			);
			runOnlyForDeploymentPostprocessing = 0;
		};
		D34965421DB4043E00813293 /* Frameworks */ = {
			isa = PBXFrameworksBuildPhase;
			buildActionMask = 2147483647;
			files = (
			);
			runOnlyForDeploymentPostprocessing = 0;
		};
		D349654D1DB4043E00813293 /* Frameworks */ = {
			isa = PBXFrameworksBuildPhase;
			buildActionMask = 2147483647;
			files = (
			);
			runOnlyForDeploymentPostprocessing = 0;
		};
/* End PBXFrameworksBuildPhase section */

/* Begin PBXGroup section */
		D34965201DB4043E00813293 = {
			isa = PBXGroup;
			children = (
				D349652B1DB4043E00813293 /* 500PXapp */,
				D34965481DB4043E00813293 /* 500PXappTests */,
				D34965531DB4043E00813293 /* 500PXappUITests */,
				D349652A1DB4043E00813293 /* Products */,
			);
			sourceTree = "<group>";
		};
		D349652A1DB4043E00813293 /* Products */ = {
			isa = PBXGroup;
			children = (
				D34965291DB4043E00813293 /* 500PXapp.app */,
				D34965451DB4043E00813293 /* 500PXappTests.xctest */,
				D34965501DB4043E00813293 /* 500PXappUITests.xctest */,
			);
			name = Products;
			sourceTree = "<group>";
		};
		D349652B1DB4043E00813293 /* 500PXapp */ = {
			isa = PBXGroup;
			children = (
				F5423C3F1DCB6AE3006FD69A /* ViewControllers */,
				F5423C3B1DCB6AB6006FD69A /* CellSearch */,
				F5423C1D1DCB6915006FD69A /* IsCollectionLayout */,
				F5423C1E1DCB695A006FD69A /* Models */,
				D349652F1DB4043E00813293 /* AppDelegate.h */,
				D34965301DB4043E00813293 /* AppDelegate.m */,
				D34965321DB4043E00813293 /* ViewController.h */,
				D34965331DB4043E00813293 /* ViewController.m */,
				D34965351DB4043E00813293 /* Main.storyboard */,
				D349653B1DB4043E00813293 /* Assets.xcassets */,
				D349653D1DB4043E00813293 /* LaunchScreen.storyboard */,
				D34965401DB4043E00813293 /* Info.plist */,
				D34965381DB4043E00813293 /* _00PXapp.xcdatamodeld */,
				D349652C1DB4043E00813293 /* Supporting Files */,
			);
			path = 500PXapp;
			sourceTree = "<group>";
		};
		D349652C1DB4043E00813293 /* Supporting Files */ = {
			isa = PBXGroup;
			children = (
				D349652D1DB4043E00813293 /* main.m */,
			);
			name = "Supporting Files";
			sourceTree = "<group>";
		};
		D34965481DB4043E00813293 /* 500PXappTests */ = {
			isa = PBXGroup;
			children = (
				D34965491DB4043E00813293 /* _00PXappTests.m */,
				D349654B1DB4043E00813293 /* Info.plist */,
			);
			path = 500PXappTests;
			sourceTree = "<group>";
		};
		D34965531DB4043E00813293 /* 500PXappUITests */ = {
			isa = PBXGroup;
			children = (
				D34965541DB4043E00813293 /* _00PXappUITests.m */,
				D34965561DB4043E00813293 /* Info.plist */,
			);
			path = 500PXappUITests;
			sourceTree = "<group>";
		};
		F5423C1D1DCB6915006FD69A /* IsCollectionLayout */ = {
			isa = PBXGroup;
			children = (
				F5423C291DCB69F3006FD69A /* IsSearchCollectionLayout.h */,
				F5423C2A1DCB69F3006FD69A /* IsSearchCollectionLayout.m */,
				F5423C281DCB6994006FD69A /* CustomCellHomeVC */,
			);
			name = IsCollectionLayout;
			sourceTree = "<group>";
		};
		F5423C1E1DCB695A006FD69A /* Models */ = {
			isa = PBXGroup;
			children = (
				F5423C1F1DCB6982006FD69A /* ISNewsFeedModel.h */,
				F5423C201DCB6982006FD69A /* ISNewsFeedModel.m */,
				F5423C211DCB6982006FD69A /* PhotosCellModel.h */,
				F5423C221DCB6982006FD69A /* PhotosCellModel.m */,
				F5423C231DCB6982006FD69A /* ISSearchModel.h */,
				F5423C241DCB6982006FD69A /* ISSearchModel.m */,
			);
			name = Models;
			sourceTree = "<group>";
		};
		F5423C281DCB6994006FD69A /* CustomCellHomeVC */ = {
			isa = PBXGroup;
			children = (
				F5423C2C1DCB6A5B006FD69A /* ISTableViewImageCell.h */,
				F5423C2D1DCB6A5B006FD69A /* ISTableViewImageCell.m */,
				F5423C2E1DCB6A5B006FD69A /* ISTableViewUserInfoCell.h */,
				F5423C2F1DCB6A5B006FD69A /* ISTableViewUserInfoCell.m */,
				F5423C301DCB6A5B006FD69A /* ISTableViewLikeCell.h */,
				F5423C311DCB6A5B006FD69A /* ISTableViewLikeCell.m */,
				F5423C321DCB6A5B006FD69A /* ISTableViewCommentsCell.h */,
				F5423C331DCB6A5B006FD69A /* ISTableViewCommentsCell.m */,
				F5423C341DCB6A5B006FD69A /* ISTableViewInfoAndSareCell.h */,
				F5423C351DCB6A5B006FD69A /* ISTableViewInfoAndSareCell.m */,
			);
			name = CustomCellHomeVC;
			sourceTree = "<group>";
		};
		F5423C3B1DCB6AB6006FD69A /* CellSearch */ = {
			isa = PBXGroup;
			children = (
				F5423C3C1DCB6AD9006FD69A /* SearchViewCellCollection.h */,
				F5423C3D1DCB6AD9006FD69A /* SearchViewCellCollection.m */,
			);
			name = CellSearch;
			sourceTree = "<group>";
		};
		F5423C3F1DCB6AE3006FD69A /* ViewControllers */ = {
			isa = PBXGroup;
			children = (
				F5423C661DCB6B5C006FD69A /* PhotoCollectionVC.h */,
				F5423C671DCB6B5C006FD69A /* PhotoCollectionVC.m */,
				F5423C681DCB6B5C006FD69A /* CellPhotos.h */,
				F5423C691DCB6B5C006FD69A /* CellPhotos.m */,
				F5423C491DCB6B39006FD69A /* test */,
				F5423C401DCB6B17006FD69A /* SignUpVC.h */,
				F5423C411DCB6B17006FD69A /* SignUpVC.m */,
				F5423C421DCB6B17006FD69A /* ISHomeVC.h */,
				F5423C431DCB6B17006FD69A /* ISHomeVC.m */,
				F5423C441DCB6B17006FD69A /* IsSearchVC.h */,
				F5423C451DCB6B17006FD69A /* IsSearchVC.m */,
			);
			name = ViewControllers;
			sourceTree = "<group>";
		};
		F5423C491DCB6B39006FD69A /* test */ = {
			isa = PBXGroup;
			children = (
				F5423C4A1DCB6B4F006FD69A /* animals.jpg */,
				F5423C4B1DCB6B4F006FD69A /* art.jpg */,
				F5423C4C1DCB6B4F006FD69A /* blackWhite.jpg */,
				F5423C4D1DCB6B4F006FD69A /* food.jpg */,
				F5423C4E1DCB6B4F006FD69A /* present.jpg */,
				F5423C4F1DCB6B4F006FD69A /* sea.jpg */,
				F5423C501DCB6B4F006FD69A /* travel.jpg */,
				F5423C511DCB6B4F006FD69A /* choice.jpg */,
				F5423C521DCB6B4F006FD69A /* interesting.jpg */,
				F5423C531DCB6B4F006FD69A /* nature.jpg */,
				F5423C541DCB6B4F006FD69A /* new.jpg */,
				F5423C551DCB6B4F006FD69A /* popular.jpg */,
				F5423C561DCB6B4F006FD69A /* 2.jpg */,
				F5423C571DCB6B4F006FD69A /* 1.jpg */,
			);
			name = test;
			sourceTree = "<group>";
		};
/* End PBXGroup section */

/* Begin PBXNativeTarget section */
		D34965281DB4043E00813293 /* 500PXapp */ = {
			isa = PBXNativeTarget;
			buildConfigurationList = D34965591DB4043E00813293 /* Build configuration list for PBXNativeTarget "500PXapp" */;
			buildPhases = (
				D34965251DB4043E00813293 /* Sources */,
				D34965261DB4043E00813293 /* Frameworks */,
				D34965271DB4043E00813293 /* Resources */,
			);
			buildRules = (
			);
			dependencies = (
			);
			name = 500PXapp;
			productName = 500PXapp;
			productReference = D34965291DB4043E00813293 /* 500PXapp.app */;
			productType = "com.apple.product-type.application";
		};
		D34965441DB4043E00813293 /* 500PXappTests */ = {
			isa = PBXNativeTarget;
			buildConfigurationList = D349655C1DB4043E00813293 /* Build configuration list for PBXNativeTarget "500PXappTests" */;
			buildPhases = (
				D34965411DB4043E00813293 /* Sources */,
				D34965421DB4043E00813293 /* Frameworks */,
				D34965431DB4043E00813293 /* Resources */,
			);
			buildRules = (
			);
			dependencies = (
				D34965471DB4043E00813293 /* PBXTargetDependency */,
			);
			name = 500PXappTests;
			productName = 500PXappTests;
			productReference = D34965451DB4043E00813293 /* 500PXappTests.xctest */;
			productType = "com.apple.product-type.bundle.unit-test";
		};
		D349654F1DB4043E00813293 /* 500PXappUITests */ = {
			isa = PBXNativeTarget;
			buildConfigurationList = D349655F1DB4043E00813293 /* Build configuration list for PBXNativeTarget "500PXappUITests" */;
			buildPhases = (
				D349654C1DB4043E00813293 /* Sources */,
				D349654D1DB4043E00813293 /* Frameworks */,
				D349654E1DB4043E00813293 /* Resources */,
			);
			buildRules = (
			);
			dependencies = (
				D34965521DB4043E00813293 /* PBXTargetDependency */,
			);
			name = 500PXappUITests;
			productName = 500PXappUITests;
			productReference = D34965501DB4043E00813293 /* 500PXappUITests.xctest */;
			productType = "com.apple.product-type.bundle.ui-testing";
		};
/* End PBXNativeTarget section */

/* Begin PBXProject section */
		D34965211DB4043E00813293 /* Project object */ = {
			isa = PBXProject;
			attributes = {
				LastUpgradeCheck = 0810;
				ORGANIZATIONNAME = techpark_ios;
				TargetAttributes = {
					D34965281DB4043E00813293 = {
						CreatedOnToolsVersion = 8.0;
						ProvisioningStyle = Automatic;
					};
					D34965441DB4043E00813293 = {
						CreatedOnToolsVersion = 8.0;
						ProvisioningStyle = Automatic;
						TestTargetID = D34965281DB4043E00813293;
					};
					D349654F1DB4043E00813293 = {
						CreatedOnToolsVersion = 8.0;
						ProvisioningStyle = Automatic;
						TestTargetID = D34965281DB4043E00813293;
					};
				};
			};
			buildConfigurationList = D34965241DB4043E00813293 /* Build configuration list for PBXProject "500PXapp" */;
			compatibilityVersion = "Xcode 3.2";
			developmentRegion = English;
			hasScannedForEncodings = 0;
			knownRegions = (
				en,
				Base,
			);
			mainGroup = D34965201DB4043E00813293;
			productRefGroup = D349652A1DB4043E00813293 /* Products */;
			projectDirPath = "";
			projectRoot = "";
			targets = (
				D34965281DB4043E00813293 /* 500PXapp */,
				D34965441DB4043E00813293 /* 500PXappTests */,
				D349654F1DB4043E00813293 /* 500PXappUITests */,
			);
		};
/* End PBXProject section */

/* Begin PBXResourcesBuildPhase section */
		D34965271DB4043E00813293 /* Resources */ = {
			isa = PBXResourcesBuildPhase;
			buildActionMask = 2147483647;
			files = (
				F5423C5D1DCB6B4F006FD69A /* sea.jpg in Resources */,
				D349653F1DB4043E00813293 /* LaunchScreen.storyboard in Resources */,
				F5423C601DCB6B4F006FD69A /* interesting.jpg in Resources */,
				D349653C1DB4043E00813293 /* Assets.xcassets in Resources */,
				F5423C651DCB6B4F006FD69A /* 1.jpg in Resources */,
				D34965371DB4043E00813293 /* Main.storyboard in Resources */,
				F5423C5C1DCB6B4F006FD69A /* present.jpg in Resources */,
				F5423C641DCB6B4F006FD69A /* 2.jpg in Resources */,
				F5423C5F1DCB6B4F006FD69A /* choice.jpg in Resources */,
				F5423C5A1DCB6B4F006FD69A /* blackWhite.jpg in Resources */,
				F5423C621DCB6B4F006FD69A /* new.jpg in Resources */,
				F5423C5B1DCB6B4F006FD69A /* food.jpg in Resources */,
				F5423C631DCB6B4F006FD69A /* popular.jpg in Resources */,
				F5423C5E1DCB6B4F006FD69A /* travel.jpg in Resources */,
				F5423C611DCB6B4F006FD69A /* nature.jpg in Resources */,
				F5423C581DCB6B4F006FD69A /* animals.jpg in Resources */,
				F5423C591DCB6B4F006FD69A /* art.jpg in Resources */,
			);
			runOnlyForDeploymentPostprocessing = 0;
		};
		D34965431DB4043E00813293 /* Resources */ = {
			isa = PBXResourcesBuildPhase;
			buildActionMask = 2147483647;
			files = (
			);
			runOnlyForDeploymentPostprocessing = 0;
		};
		D349654E1DB4043E00813293 /* Resources */ = {
			isa = PBXResourcesBuildPhase;
			buildActionMask = 2147483647;
			files = (
			);
			runOnlyForDeploymentPostprocessing = 0;
		};
/* End PBXResourcesBuildPhase section */

/* Begin PBXSourcesBuildPhase section */
		D34965251DB4043E00813293 /* Sources */ = {
			isa = PBXSourcesBuildPhase;
			buildActionMask = 2147483647;
			files = (
				F5423C381DCB6A5B006FD69A /* ISTableViewLikeCell.m in Sources */,
				F5423C391DCB6A5B006FD69A /* ISTableViewCommentsCell.m in Sources */,
				D34965341DB4043E00813293 /* ViewController.m in Sources */,
				F5423C6A1DCB6B5C006FD69A /* PhotoCollectionVC.m in Sources */,
				F5423C471DCB6B17006FD69A /* ISHomeVC.m in Sources */,
				F5423C2B1DCB69F3006FD69A /* IsSearchCollectionLayout.m in Sources */,
				D349653A1DB4043E00813293 /* _00PXapp.xcdatamodeld in Sources */,
				F5423C271DCB6982006FD69A /* ISSearchModel.m in Sources */,
				F5423C3A1DCB6A5B006FD69A /* ISTableViewInfoAndSareCell.m in Sources */,
				F5423C371DCB6A5B006FD69A /* ISTableViewUserInfoCell.m in Sources */,
				F5423C6B1DCB6B5C006FD69A /* CellPhotos.m in Sources */,
				F5423C251DCB6982006FD69A /* ISNewsFeedModel.m in Sources */,
				D34965311DB4043E00813293 /* AppDelegate.m in Sources */,
				F5423C3E1DCB6AD9006FD69A /* SearchViewCellCollection.m in Sources */,
				F5423C481DCB6B17006FD69A /* IsSearchVC.m in Sources */,
				F5423C261DCB6982006FD69A /* PhotosCellModel.m in Sources */,
				F5423C461DCB6B17006FD69A /* SignUpVC.m in Sources */,
				D349652E1DB4043E00813293 /* main.m in Sources */,
				F5423C361DCB6A5B006FD69A /* ISTableViewImageCell.m in Sources */,
			);
			runOnlyForDeploymentPostprocessing = 0;
		};
		D34965411DB4043E00813293 /* Sources */ = {
			isa = PBXSourcesBuildPhase;
			buildActionMask = 2147483647;
			files = (
				D349654A1DB4043E00813293 /* _00PXappTests.m in Sources */,
			);
			runOnlyForDeploymentPostprocessing = 0;
		};
		D349654C1DB4043E00813293 /* Sources */ = {
			isa = PBXSourcesBuildPhase;
			buildActionMask = 2147483647;
			files = (
				D34965551DB4043E00813293 /* _00PXappUITests.m in Sources */,
			);
			runOnlyForDeploymentPostprocessing = 0;
		};
/* End PBXSourcesBuildPhase section */

/* Begin PBXTargetDependency section */
		D34965471DB4043E00813293 /* PBXTargetDependency */ = {
			isa = PBXTargetDependency;
			target = D34965281DB4043E00813293 /* 500PXapp */;
			targetProxy = D34965461DB4043E00813293 /* PBXContainerItemProxy */;
		};
		D34965521DB4043E00813293 /* PBXTargetDependency */ = {
			isa = PBXTargetDependency;
			target = D34965281DB4043E00813293 /* 500PXapp */;
			targetProxy = D34965511DB4043E00813293 /* PBXContainerItemProxy */;
		};
/* End PBXTargetDependency section */

/* Begin PBXVariantGroup section */
		D34965351DB4043E00813293 /* Main.storyboard */ = {
			isa = PBXVariantGroup;
			children = (
				D34965361DB4043E00813293 /* Base */,
			);
			name = Main.storyboard;
			sourceTree = "<group>";
		};
		D349653D1DB4043E00813293 /* LaunchScreen.storyboard */ = {
			isa = PBXVariantGroup;
			children = (
				D349653E1DB4043E00813293 /* Base */,
			);
			name = LaunchScreen.storyboard;
			sourceTree = "<group>";
		};
/* End PBXVariantGroup section */

/* Begin XCBuildConfiguration section */
		D34965571DB4043E00813293 /* Debug */ = {
			isa = XCBuildConfiguration;
			buildSettings = {
				ALWAYS_SEARCH_USER_PATHS = NO;
				CLANG_ANALYZER_NONNULL = YES;
				CLANG_CXX_LANGUAGE_STANDARD = "gnu++0x";
				CLANG_CXX_LIBRARY = "libc++";
				CLANG_ENABLE_MODULES = YES;
				CLANG_ENABLE_OBJC_ARC = YES;
				CLANG_WARN_BOOL_CONVERSION = YES;
				CLANG_WARN_CONSTANT_CONVERSION = YES;
				CLANG_WARN_DIRECT_OBJC_ISA_USAGE = YES_ERROR;
				CLANG_WARN_DOCUMENTATION_COMMENTS = YES;
				CLANG_WARN_EMPTY_BODY = YES;
				CLANG_WARN_ENUM_CONVERSION = YES;
				CLANG_WARN_INFINITE_RECURSION = YES;
				CLANG_WARN_INT_CONVERSION = YES;
				CLANG_WARN_OBJC_ROOT_CLASS = YES_ERROR;
				CLANG_WARN_SUSPICIOUS_MOVE = YES;
				CLANG_WARN_SUSPICIOUS_MOVES = YES;
				CLANG_WARN_UNREACHABLE_CODE = YES;
				CLANG_WARN__DUPLICATE_METHOD_MATCH = YES;
				"CODE_SIGN_IDENTITY[sdk=iphoneos*]" = "iPhone Developer";
				COPY_PHASE_STRIP = NO;
				DEBUG_INFORMATION_FORMAT = dwarf;
				ENABLE_STRICT_OBJC_MSGSEND = YES;
				ENABLE_TESTABILITY = YES;
				GCC_C_LANGUAGE_STANDARD = gnu99;
				GCC_DYNAMIC_NO_PIC = NO;
				GCC_NO_COMMON_BLOCKS = YES;
				GCC_OPTIMIZATION_LEVEL = 0;
				GCC_PREPROCESSOR_DEFINITIONS = (
					"DEBUG=1",
					"$(inherited)",
				);
				GCC_WARN_64_TO_32_BIT_CONVERSION = YES;
				GCC_WARN_ABOUT_RETURN_TYPE = YES_ERROR;
				GCC_WARN_UNDECLARED_SELECTOR = YES;
				GCC_WARN_UNINITIALIZED_AUTOS = YES_AGGRESSIVE;
				GCC_WARN_UNUSED_FUNCTION = YES;
				GCC_WARN_UNUSED_VARIABLE = YES;
				IPHONEOS_DEPLOYMENT_TARGET = 10.0;
				MTL_ENABLE_DEBUG_INFO = YES;
				ONLY_ACTIVE_ARCH = YES;
				SDKROOT = iphoneos;
			};
			name = Debug;
		};
		D34965581DB4043E00813293 /* Release */ = {
			isa = XCBuildConfiguration;
			buildSettings = {
				ALWAYS_SEARCH_USER_PATHS = NO;
				CLANG_ANALYZER_NONNULL = YES;
				CLANG_CXX_LANGUAGE_STANDARD = "gnu++0x";
				CLANG_CXX_LIBRARY = "libc++";
				CLANG_ENABLE_MODULES = YES;
				CLANG_ENABLE_OBJC_ARC = YES;
				CLANG_WARN_BOOL_CONVERSION = YES;
				CLANG_WARN_CONSTANT_CONVERSION = YES;
				CLANG_WARN_DIRECT_OBJC_ISA_USAGE = YES_ERROR;
				CLANG_WARN_DOCUMENTATION_COMMENTS = YES;
				CLANG_WARN_EMPTY_BODY = YES;
				CLANG_WARN_ENUM_CONVERSION = YES;
				CLANG_WARN_INFINITE_RECURSION = YES;
				CLANG_WARN_INT_CONVERSION = YES;
				CLANG_WARN_OBJC_ROOT_CLASS = YES_ERROR;
				CLANG_WARN_SUSPICIOUS_MOVE = YES;
				CLANG_WARN_SUSPICIOUS_MOVES = YES;
				CLANG_WARN_UNREACHABLE_CODE = YES;
				CLANG_WARN__DUPLICATE_METHOD_MATCH = YES;
				"CODE_SIGN_IDENTITY[sdk=iphoneos*]" = "iPhone Developer";
				COPY_PHASE_STRIP = NO;
				DEBUG_INFORMATION_FORMAT = "dwarf-with-dsym";
				ENABLE_NS_ASSERTIONS = NO;
				ENABLE_STRICT_OBJC_MSGSEND = YES;
				GCC_C_LANGUAGE_STANDARD = gnu99;
				GCC_NO_COMMON_BLOCKS = YES;
				GCC_WARN_64_TO_32_BIT_CONVERSION = YES;
				GCC_WARN_ABOUT_RETURN_TYPE = YES_ERROR;
				GCC_WARN_UNDECLARED_SELECTOR = YES;
				GCC_WARN_UNINITIALIZED_AUTOS = YES_AGGRESSIVE;
				GCC_WARN_UNUSED_FUNCTION = YES;
				GCC_WARN_UNUSED_VARIABLE = YES;
				IPHONEOS_DEPLOYMENT_TARGET = 10.0;
				MTL_ENABLE_DEBUG_INFO = NO;
				SDKROOT = iphoneos;
				VALIDATE_PRODUCT = YES;
			};
			name = Release;
		};
		D349655A1DB4043E00813293 /* Debug */ = {
			isa = XCBuildConfiguration;
			buildSettings = {
				ASSETCATALOG_COMPILER_APPICON_NAME = AppIcon;
				INFOPLIST_FILE = 500PXapp/Info.plist;
				LD_RUNPATH_SEARCH_PATHS = "$(inherited) @executable_path/Frameworks";
				PRODUCT_BUNDLE_IDENTIFIER = "TP.com.-00PXapp";
				PRODUCT_NAME = "$(TARGET_NAME)";
			};
			name = Debug;
		};
		D349655B1DB4043E00813293 /* Release */ = {
			isa = XCBuildConfiguration;
			buildSettings = {
				ASSETCATALOG_COMPILER_APPICON_NAME = AppIcon;
				INFOPLIST_FILE = 500PXapp/Info.plist;
				LD_RUNPATH_SEARCH_PATHS = "$(inherited) @executable_path/Frameworks";
				PRODUCT_BUNDLE_IDENTIFIER = "TP.com.-00PXapp";
				PRODUCT_NAME = "$(TARGET_NAME)";
			};
			name = Release;
		};
		D349655D1DB4043E00813293 /* Debug */ = {
			isa = XCBuildConfiguration;
			buildSettings = {
				BUNDLE_LOADER = "$(TEST_HOST)";
				INFOPLIST_FILE = 500PXappTests/Info.plist;
				LD_RUNPATH_SEARCH_PATHS = "$(inherited) @executable_path/Frameworks @loader_path/Frameworks";
				PRODUCT_BUNDLE_IDENTIFIER = "TP.com.-00PXappTests";
				PRODUCT_NAME = "$(TARGET_NAME)";
				TEST_HOST = "$(BUILT_PRODUCTS_DIR)/500PXapp.app/500PXapp";
			};
			name = Debug;
		};
		D349655E1DB4043E00813293 /* Release */ = {
			isa = XCBuildConfiguration;
			buildSettings = {
				BUNDLE_LOADER = "$(TEST_HOST)";
				INFOPLIST_FILE = 500PXappTests/Info.plist;
				LD_RUNPATH_SEARCH_PATHS = "$(inherited) @executable_path/Frameworks @loader_path/Frameworks";
				PRODUCT_BUNDLE_IDENTIFIER = "TP.com.-00PXappTests";
				PRODUCT_NAME = "$(TARGET_NAME)";
				TEST_HOST = "$(BUILT_PRODUCTS_DIR)/500PXapp.app/500PXapp";
			};
			name = Release;
		};
		D34965601DB4043E00813293 /* Debug */ = {
			isa = XCBuildConfiguration;
			buildSettings = {
				INFOPLIST_FILE = 500PXappUITests/Info.plist;
				LD_RUNPATH_SEARCH_PATHS = "$(inherited) @executable_path/Frameworks @loader_path/Frameworks";
				PRODUCT_BUNDLE_IDENTIFIER = "TP.com.-00PXappUITests";
				PRODUCT_NAME = "$(TARGET_NAME)";
				TEST_TARGET_NAME = 500PXapp;
			};
			name = Debug;
		};
		D34965611DB4043E00813293 /* Release */ = {
			isa = XCBuildConfiguration;
			buildSettings = {
				INFOPLIST_FILE = 500PXappUITests/Info.plist;
				LD_RUNPATH_SEARCH_PATHS = "$(inherited) @executable_path/Frameworks @loader_path/Frameworks";
				PRODUCT_BUNDLE_IDENTIFIER = "TP.com.-00PXappUITests";
				PRODUCT_NAME = "$(TARGET_NAME)";
				TEST_TARGET_NAME = 500PXapp;
			};
			name = Release;
		};
/* End XCBuildConfiguration section */

/* Begin XCConfigurationList section */
		D34965241DB4043E00813293 /* Build configuration list for PBXProject "500PXapp" */ = {
			isa = XCConfigurationList;
			buildConfigurations = (
				D34965571DB4043E00813293 /* Debug */,
				D34965581DB4043E00813293 /* Release */,
			);
			defaultConfigurationIsVisible = 0;
			defaultConfigurationName = Release;
		};
		D34965591DB4043E00813293 /* Build configuration list for PBXNativeTarget "500PXapp" */ = {
			isa = XCConfigurationList;
			buildConfigurations = (
				D349655A1DB4043E00813293 /* Debug */,
				D349655B1DB4043E00813293 /* Release */,
			);
			defaultConfigurationIsVisible = 0;
			defaultConfigurationName = Release;
		};
		D349655C1DB4043E00813293 /* Build configuration list for PBXNativeTarget "500PXappTests" */ = {
			isa = XCConfigurationList;
			buildConfigurations = (
				D349655D1DB4043E00813293 /* Debug */,
				D349655E1DB4043E00813293 /* Release */,
			);
			defaultConfigurationIsVisible = 0;
			defaultConfigurationName = Release;
		};
		D349655F1DB4043E00813293 /* Build configuration list for PBXNativeTarget "500PXappUITests" */ = {
			isa = XCConfigurationList;
			buildConfigurations = (
				D34965601DB4043E00813293 /* Debug */,
				D34965611DB4043E00813293 /* Release */,
			);
			defaultConfigurationIsVisible = 0;
			defaultConfigurationName = Release;
		};
/* End XCConfigurationList section */

/* Begin XCVersionGroup section */
		D34965381DB4043E00813293 /* _00PXapp.xcdatamodeld */ = {
			isa = XCVersionGroup;
			children = (
				D34965391DB4043E00813293 /* _00PXapp.xcdatamodel */,
			);
			currentVersion = D34965391DB4043E00813293 /* _00PXapp.xcdatamodel */;
			path = _00PXapp.xcdatamodeld;
			sourceTree = "<group>";
			versionGroupType = wrapper.xcdatamodel;
		};
/* End XCVersionGroup section */
	};
	rootObject = D34965211DB4043E00813293 /* Project object */;
}
